// !$*UTF8*$!
{
	archiveVersion = 1;
	classes = {
	};
	objectVersion = 56;
	objects = {

/* Begin PBXBuildFile section */
		C71A4F9F2A171B8F003F4B9D /* AppDelegate.swift in Sources */ = {isa = PBXBuildFile; fileRef = C71A4F9E2A171B8F003F4B9D /* AppDelegate.swift */; };
		C71A4FA12A171B8F003F4B9D /* SceneDelegate.swift in Sources */ = {isa = PBXBuildFile; fileRef = C71A4FA02A171B8F003F4B9D /* SceneDelegate.swift */; };
		C71A4FA82A171B91003F4B9D /* Assets.xcassets in Resources */ = {isa = PBXBuildFile; fileRef = C71A4FA72A171B91003F4B9D /* Assets.xcassets */; };
		C71A4FAB2A171B91003F4B9D /* LaunchScreen.storyboard in Resources */ = {isa = PBXBuildFile; fileRef = C71A4FA92A171B91003F4B9D /* LaunchScreen.storyboard */; };
		C71A4FB82A17218A003F4B9D /* UITabBarViewController.swift in Sources */ = {isa = PBXBuildFile; fileRef = C71A4FB72A17218A003F4B9D /* UITabBarViewController.swift */; };
		C71A4FBC2A172990003F4B9D /* HomeViewController.swift in Sources */ = {isa = PBXBuildFile; fileRef = C71A4FBA2A172990003F4B9D /* HomeViewController.swift */; };
		C71A4FBD2A172990003F4B9D /* HomeViewController.xib in Resources */ = {isa = PBXBuildFile; fileRef = C71A4FBB2A172990003F4B9D /* HomeViewController.xib */; };
		C78753A02A1B76AE00CC5CFA /* ProfileNewViewController.swift in Sources */ = {isa = PBXBuildFile; fileRef = C787539F2A1B76AE00CC5CFA /* ProfileNewViewController.swift */; };
		C78753A32A1BAAC800CC5CFA /* ProfileBottomViewController.swift in Sources */ = {isa = PBXBuildFile; fileRef = C78753A12A1BAAC800CC5CFA /* ProfileBottomViewController.swift */; };
		C78753A82A1BB62200CC5CFA /* ProfileBottomCollectionViewCell.swift in Sources */ = {isa = PBXBuildFile; fileRef = C78753A62A1BB62200CC5CFA /* ProfileBottomCollectionViewCell.swift */; };
		C78753A92A1BB62200CC5CFA /* ProfileBottomCollectionViewCell.xib in Resources */ = {isa = PBXBuildFile; fileRef = C78753A72A1BB62200CC5CFA /* ProfileBottomCollectionViewCell.xib */; };
		C78B26AD2A1C7099002AEB8A /* ProfileBottomViewController.xib in Resources */ = {isa = PBXBuildFile; fileRef = C78B26AC2A1C7099002AEB8A /* ProfileBottomViewController.xib */; };
		C78CDE642A176FEB004835F7 /* ProfileViewController.swift in Sources */ = {isa = PBXBuildFile; fileRef = C78CDE622A176FEB004835F7 /* ProfileViewController.swift */; };
		C78CDE652A176FEB004835F7 /* ProfileViewController.xib in Resources */ = {isa = PBXBuildFile; fileRef = C78CDE632A176FEB004835F7 /* ProfileViewController.xib */; };
		C78CDE672A177A1C004835F7 /* UIView-Extension.swift in Sources */ = {isa = PBXBuildFile; fileRef = C78CDE662A177A1C004835F7 /* UIView-Extension.swift */; };
		C78CDE6A2A178243004835F7 /* IGActivityIndicator.swift in Sources */ = {isa = PBXBuildFile; fileRef = C78CDE692A178243004835F7 /* IGActivityIndicator.swift */; };
		C78CDE6C2A17BE88004835F7 /* CustomNavigationBar.swift in Sources */ = {isa = PBXBuildFile; fileRef = C78CDE6B2A17BE88004835F7 /* CustomNavigationBar.swift */; };
		C795B19E2A1DFFA50067F7D5 /* StorySavedCollectionViewCell.swift in Sources */ = {isa = PBXBuildFile; fileRef = C795B19C2A1DFFA50067F7D5 /* StorySavedCollectionViewCell.swift */; };
		C795B19F2A1DFFA50067F7D5 /* StorySavedCollectionViewCell.xib in Resources */ = {isa = PBXBuildFile; fileRef = C795B19D2A1DFFA50067F7D5 /* StorySavedCollectionViewCell.xib */; };
		C7A15B3D2A1CC281000CBCA0 /* ProfileBarCollectionViewCell.swift in Sources */ = {isa = PBXBuildFile; fileRef = C7A15B3B2A1CC281000CBCA0 /* ProfileBarCollectionViewCell.swift */; };
		C7A15B3E2A1CC281000CBCA0 /* ProfileBarCollectionViewCell.xib in Resources */ = {isa = PBXBuildFile; fileRef = C7A15B3C2A1CC281000CBCA0 /* ProfileBarCollectionViewCell.xib */; };
/* End PBXBuildFile section */

/* Begin PBXFileReference section */
		C71A4F9B2A171B8F003F4B9D /* Instegrem.app */ = {isa = PBXFileReference; explicitFileType = wrapper.application; includeInIndex = 0; path = Instegrem.app; sourceTree = BUILT_PRODUCTS_DIR; };
		C71A4F9E2A171B8F003F4B9D /* AppDelegate.swift */ = {isa = PBXFileReference; lastKnownFileType = sourcecode.swift; path = AppDelegate.swift; sourceTree = "<group>"; };
		C71A4FA02A171B8F003F4B9D /* SceneDelegate.swift */ = {isa = PBXFileReference; lastKnownFileType = sourcecode.swift; path = SceneDelegate.swift; sourceTree = "<group>"; };
		C71A4FA72A171B91003F4B9D /* Assets.xcassets */ = {isa = PBXFileReference; lastKnownFileType = folder.assetcatalog; path = Assets.xcassets; sourceTree = "<group>"; };
		C71A4FAA2A171B91003F4B9D /* Base */ = {isa = PBXFileReference; lastKnownFileType = file.storyboard; name = Base; path = Base.lproj/LaunchScreen.storyboard; sourceTree = "<group>"; };
		C71A4FAC2A171B91003F4B9D /* Info.plist */ = {isa = PBXFileReference; lastKnownFileType = text.plist.xml; path = Info.plist; sourceTree = "<group>"; };
		C71A4FB72A17218A003F4B9D /* UITabBarViewController.swift */ = {isa = PBXFileReference; lastKnownFileType = sourcecode.swift; path = UITabBarViewController.swift; sourceTree = "<group>"; };
		C71A4FBA2A172990003F4B9D /* HomeViewController.swift */ = {isa = PBXFileReference; lastKnownFileType = sourcecode.swift; path = HomeViewController.swift; sourceTree = "<group>"; };
		C71A4FBB2A172990003F4B9D /* HomeViewController.xib */ = {isa = PBXFileReference; lastKnownFileType = file.xib; path = HomeViewController.xib; sourceTree = "<group>"; };
		C787539F2A1B76AE00CC5CFA /* ProfileNewViewController.swift */ = {isa = PBXFileReference; lastKnownFileType = sourcecode.swift; path = ProfileNewViewController.swift; sourceTree = "<group>"; };
		C78753A12A1BAAC800CC5CFA /* ProfileBottomViewController.swift */ = {isa = PBXFileReference; lastKnownFileType = sourcecode.swift; path = ProfileBottomViewController.swift; sourceTree = "<group>"; };
		C78753A62A1BB62200CC5CFA /* ProfileBottomCollectionViewCell.swift */ = {isa = PBXFileReference; lastKnownFileType = sourcecode.swift; path = ProfileBottomCollectionViewCell.swift; sourceTree = "<group>"; };
		C78753A72A1BB62200CC5CFA /* ProfileBottomCollectionViewCell.xib */ = {isa = PBXFileReference; lastKnownFileType = file.xib; path = ProfileBottomCollectionViewCell.xib; sourceTree = "<group>"; };
		C78B26AC2A1C7099002AEB8A /* ProfileBottomViewController.xib */ = {isa = PBXFileReference; fileEncoding = 4; lastKnownFileType = file.xib; path = ProfileBottomViewController.xib; sourceTree = "<group>"; };
		C78CDE622A176FEB004835F7 /* ProfileViewController.swift */ = {isa = PBXFileReference; lastKnownFileType = sourcecode.swift; path = ProfileViewController.swift; sourceTree = "<group>"; };
		C78CDE632A176FEB004835F7 /* ProfileViewController.xib */ = {isa = PBXFileReference; lastKnownFileType = file.xib; path = ProfileViewController.xib; sourceTree = "<group>"; };
		C78CDE662A177A1C004835F7 /* UIView-Extension.swift */ = {isa = PBXFileReference; lastKnownFileType = sourcecode.swift; path = "UIView-Extension.swift"; sourceTree = "<group>"; };
		C78CDE692A178243004835F7 /* IGActivityIndicator.swift */ = {isa = PBXFileReference; fileEncoding = 4; lastKnownFileType = sourcecode.swift; path = IGActivityIndicator.swift; sourceTree = "<group>"; };
		C78CDE6B2A17BE88004835F7 /* CustomNavigationBar.swift */ = {isa = PBXFileReference; lastKnownFileType = sourcecode.swift; path = CustomNavigationBar.swift; sourceTree = "<group>"; };
		C795B19C2A1DFFA50067F7D5 /* StorySavedCollectionViewCell.swift */ = {isa = PBXFileReference; lastKnownFileType = sourcecode.swift; path = StorySavedCollectionViewCell.swift; sourceTree = "<group>"; };
		C795B19D2A1DFFA50067F7D5 /* StorySavedCollectionViewCell.xib */ = {isa = PBXFileReference; lastKnownFileType = file.xib; path = StorySavedCollectionViewCell.xib; sourceTree = "<group>"; };
		C7A15B3B2A1CC281000CBCA0 /* ProfileBarCollectionViewCell.swift */ = {isa = PBXFileReference; lastKnownFileType = sourcecode.swift; path = ProfileBarCollectionViewCell.swift; sourceTree = "<group>"; };
		C7A15B3C2A1CC281000CBCA0 /* ProfileBarCollectionViewCell.xib */ = {isa = PBXFileReference; lastKnownFileType = file.xib; path = ProfileBarCollectionViewCell.xib; sourceTree = "<group>"; };
/* End PBXFileReference section */

/* Begin PBXFrameworksBuildPhase section */
		C71A4F982A171B8F003F4B9D /* Frameworks */ = {
			isa = PBXFrameworksBuildPhase;
			buildActionMask = 2147483647;
			files = (
			);
			runOnlyForDeploymentPostprocessing = 0;
		};
/* End PBXFrameworksBuildPhase section */

/* Begin PBXGroup section */
		C71A4F922A171B8F003F4B9D = {
			isa = PBXGroup;
			children = (
				C71A4F9D2A171B8F003F4B9D /* Instegrem */,
				C71A4F9C2A171B8F003F4B9D /* Products */,
			);
			sourceTree = "<group>";
		};
		C71A4F9C2A171B8F003F4B9D /* Products */ = {
			isa = PBXGroup;
			children = (
				C71A4F9B2A171B8F003F4B9D /* Instegrem.app */,
			);
			name = Products;
			sourceTree = "<group>";
		};
		C71A4F9D2A171B8F003F4B9D /* Instegrem */ = {
			isa = PBXGroup;
			children = (
				C71A4FB62A171CCF003F4B9D /* Application */,
				C78CDE682A178211004835F7 /* Utitlity */,
				C71A4FB42A171C1E003F4B9D /* Extensions */,
				C71A4FB32A171C10003F4B9D /* ClassCode */,
				C71A4FB22A171BFC003F4B9D /* Service */,
				C71A4FA72A171B91003F4B9D /* Assets.xcassets */,
				C71A4FA92A171B91003F4B9D /* LaunchScreen.storyboard */,
				C71A4FAC2A171B91003F4B9D /* Info.plist */,
			);
			path = Instegrem;
			sourceTree = "<group>";
		};
		C71A4FB22A171BFC003F4B9D /* Service */ = {
			isa = PBXGroup;
			children = (
			);
			path = Service;
			sourceTree = "<group>";
		};
		C71A4FB32A171C10003F4B9D /* ClassCode */ = {
			isa = PBXGroup;
			children = (
				C71A4FBF2A17356C003F4B9D /* Profile */,
				C71A4FBE2A173563003F4B9D /* Post */,
				C71A4FB92A172625003F4B9D /* Home */,
				C71A4FB52A171C9B003F4B9D /* TabbarViewController */,
			);
			path = ClassCode;
			sourceTree = "<group>";
		};
		C71A4FB42A171C1E003F4B9D /* Extensions */ = {
			isa = PBXGroup;
			children = (
				C78CDE662A177A1C004835F7 /* UIView-Extension.swift */,
			);
			path = Extensions;
			sourceTree = "<group>";
		};
		C71A4FB52A171C9B003F4B9D /* TabbarViewController */ = {
			isa = PBXGroup;
			children = (
				C71A4FB72A17218A003F4B9D /* UITabBarViewController.swift */,
			);
			path = TabbarViewController;
			sourceTree = "<group>";
		};
		C71A4FB62A171CCF003F4B9D /* Application */ = {
			isa = PBXGroup;
			children = (
				C71A4F9E2A171B8F003F4B9D /* AppDelegate.swift */,
				C71A4FA02A171B8F003F4B9D /* SceneDelegate.swift */,
			);
			path = Application;
			sourceTree = "<group>";
		};
		C71A4FB92A172625003F4B9D /* Home */ = {
			isa = PBXGroup;
			children = (
				C71A4FBA2A172990003F4B9D /* HomeViewController.swift */,
				C71A4FBB2A172990003F4B9D /* HomeViewController.xib */,
			);
			path = Home;
			sourceTree = "<group>";
		};
		C71A4FBE2A173563003F4B9D /* Post */ = {
			isa = PBXGroup;
			children = (
			);
			path = Post;
			sourceTree = "<group>";
		};
		C71A4FBF2A17356C003F4B9D /* Profile */ = {
			isa = PBXGroup;
			children = (
				C78753A52A1BB5ED00CC5CFA /* Cells */,
				C787539F2A1B76AE00CC5CFA /* ProfileNewViewController.swift */,
				C78CDE612A176FD7004835F7 /* Controller */,
			);
			path = Profile;
			sourceTree = "<group>";
		};
		C78753A52A1BB5ED00CC5CFA /* Cells */ = {
			isa = PBXGroup;
			children = (
				C78753A62A1BB62200CC5CFA /* ProfileBottomCollectionViewCell.swift */,
				C78753A72A1BB62200CC5CFA /* ProfileBottomCollectionViewCell.xib */,
				C7A15B3B2A1CC281000CBCA0 /* ProfileBarCollectionViewCell.swift */,
				C7A15B3C2A1CC281000CBCA0 /* ProfileBarCollectionViewCell.xib */,
				C795B19C2A1DFFA50067F7D5 /* StorySavedCollectionViewCell.swift */,
				C795B19D2A1DFFA50067F7D5 /* StorySavedCollectionViewCell.xib */,
			);
			path = Cells;
			sourceTree = "<group>";
		};
		C78CDE612A176FD7004835F7 /* Controller */ = {
			isa = PBXGroup;
			children = (
				C78CDE622A176FEB004835F7 /* ProfileViewController.swift */,
				C78CDE632A176FEB004835F7 /* ProfileViewController.xib */,
				C78753A12A1BAAC800CC5CFA /* ProfileBottomViewController.swift */,
				C78B26AC2A1C7099002AEB8A /* ProfileBottomViewController.xib */,
			);
			path = Controller;
			sourceTree = "<group>";
		};
		C78CDE682A178211004835F7 /* Utitlity */ = {
			isa = PBXGroup;
			children = (
				C78CDE692A178243004835F7 /* IGActivityIndicator.swift */,
				C78CDE6B2A17BE88004835F7 /* CustomNavigationBar.swift */,
			);
			path = Utitlity;
			sourceTree = "<group>";
		};
/* End PBXGroup section */

/* Begin PBXNativeTarget section */
		C71A4F9A2A171B8F003F4B9D /* Instegrem */ = {
			isa = PBXNativeTarget;
			buildConfigurationList = C71A4FAF2A171B91003F4B9D /* Build configuration list for PBXNativeTarget "Instegrem" */;
			buildPhases = (
				C71A4F972A171B8F003F4B9D /* Sources */,
				C71A4F982A171B8F003F4B9D /* Frameworks */,
				C71A4F992A171B8F003F4B9D /* Resources */,
			);
			buildRules = (
			);
			dependencies = (
			);
			name = Instegrem;
			productName = Instegrem;
			productReference = C71A4F9B2A171B8F003F4B9D /* Instegrem.app */;
			productType = "com.apple.product-type.application";
		};
/* End PBXNativeTarget section */

/* Begin PBXProject section */
		C71A4F932A171B8F003F4B9D /* Project object */ = {
			isa = PBXProject;
			attributes = {
				BuildIndependentTargetsInParallel = 1;
				LastSwiftUpdateCheck = 1420;
				LastUpgradeCheck = 1420;
				TargetAttributes = {
					C71A4F9A2A171B8F003F4B9D = {
						CreatedOnToolsVersion = 14.2;
					};
				};
			};
			buildConfigurationList = C71A4F962A171B8F003F4B9D /* Build configuration list for PBXProject "Instegrem" */;
			compatibilityVersion = "Xcode 14.0";
			developmentRegion = en;
			hasScannedForEncodings = 0;
			knownRegions = (
				en,
				Base,
			);
			mainGroup = C71A4F922A171B8F003F4B9D;
			productRefGroup = C71A4F9C2A171B8F003F4B9D /* Products */;
			projectDirPath = "";
			projectRoot = "";
			targets = (
				C71A4F9A2A171B8F003F4B9D /* Instegrem */,
			);
		};
/* End PBXProject section */

/* Begin PBXResourcesBuildPhase section */
		C71A4F992A171B8F003F4B9D /* Resources */ = {
			isa = PBXResourcesBuildPhase;
			buildActionMask = 2147483647;
			files = (
				C795B19F2A1DFFA50067F7D5 /* StorySavedCollectionViewCell.xib in Resources */,
				C71A4FAB2A171B91003F4B9D /* LaunchScreen.storyboard in Resources */,
				C78B26AD2A1C7099002AEB8A /* ProfileBottomViewController.xib in Resources */,
				C7A15B3E2A1CC281000CBCA0 /* ProfileBarCollectionViewCell.xib in Resources */,
				C71A4FA82A171B91003F4B9D /* Assets.xcassets in Resources */,
				C78CDE652A176FEB004835F7 /* ProfileViewController.xib in Resources */,
				C71A4FBD2A172990003F4B9D /* HomeViewController.xib in Resources */,
				C78753A92A1BB62200CC5CFA /* ProfileBottomCollectionViewCell.xib in Resources */,
			);
			runOnlyForDeploymentPostprocessing = 0;
		};
/* End PBXResourcesBuildPhase section */

/* Begin PBXSourcesBuildPhase section */
		C71A4F972A171B8F003F4B9D /* Sources */ = {
			isa = PBXSourcesBuildPhase;
			buildActionMask = 2147483647;
			files = (
				C78CDE6A2A178243004835F7 /* IGActivityIndicator.swift in Sources */,
				C78753A32A1BAAC800CC5CFA /* ProfileBottomViewController.swift in Sources */,
				C7A15B3D2A1CC281000CBCA0 /* ProfileBarCollectionViewCell.swift in Sources */,
				C78CDE672A177A1C004835F7 /* UIView-Extension.swift in Sources */,
				C78753A02A1B76AE00CC5CFA /* ProfileNewViewController.swift in Sources */,
				C78753A82A1BB62200CC5CFA /* ProfileBottomCollectionViewCell.swift in Sources */,
				C71A4FB82A17218A003F4B9D /* UITabBarViewController.swift in Sources */,
				C71A4F9F2A171B8F003F4B9D /* AppDelegate.swift in Sources */,
				C78CDE6C2A17BE88004835F7 /* CustomNavigationBar.swift in Sources */,
				C78CDE642A176FEB004835F7 /* ProfileViewController.swift in Sources */,
				C71A4FA12A171B8F003F4B9D /* SceneDelegate.swift in Sources */,
				C795B19E2A1DFFA50067F7D5 /* StorySavedCollectionViewCell.swift in Sources */,
				C71A4FBC2A172990003F4B9D /* HomeViewController.swift in Sources */,
			);
			runOnlyForDeploymentPostprocessing = 0;
		};
/* End PBXSourcesBuildPhase section */

/* Begin PBXVariantGroup section */
		C71A4FA92A171B91003F4B9D /* LaunchScreen.storyboard */ = {
			isa = PBXVariantGroup;
			children = (
				C71A4FAA2A171B91003F4B9D /* Base */,
			);
			name = LaunchScreen.storyboard;
			sourceTree = "<group>";
		};
/* End PBXVariantGroup section */

/* Begin XCBuildConfiguration section */
		C71A4FAD2A171B91003F4B9D /* Debug */ = {
			isa = XCBuildConfiguration;
			buildSettings = {
				ALWAYS_SEARCH_USER_PATHS = NO;
				CLANG_ANALYZER_NONNULL = YES;
				CLANG_ANALYZER_NUMBER_OBJECT_CONVERSION = YES_AGGRESSIVE;
				CLANG_CXX_LANGUAGE_STANDARD = "gnu++20";
				CLANG_ENABLE_MODULES = YES;
				CLANG_ENABLE_OBJC_ARC = YES;
				CLANG_ENABLE_OBJC_WEAK = YES;
				CLANG_WARN_BLOCK_CAPTURE_AUTORELEASING = YES;
				CLANG_WARN_BOOL_CONVERSION = YES;
				CLANG_WARN_COMMA = YES;
				CLANG_WARN_CONSTANT_CONVERSION = YES;
				CLANG_WARN_DEPRECATED_OBJC_IMPLEMENTATIONS = YES;
				CLANG_WARN_DIRECT_OBJC_ISA_USAGE = YES_ERROR;
				CLANG_WARN_DOCUMENTATION_COMMENTS = YES;
				CLANG_WARN_EMPTY_BODY = YES;
				CLANG_WARN_ENUM_CONVERSION = YES;
				CLANG_WARN_INFINITE_RECURSION = YES;
				CLANG_WARN_INT_CONVERSION = YES;
				CLANG_WARN_NON_LITERAL_NULL_CONVERSION = YES;
				CLANG_WARN_OBJC_IMPLICIT_RETAIN_SELF = YES;
				CLANG_WARN_OBJC_LITERAL_CONVERSION = YES;
				CLANG_WARN_OBJC_ROOT_CLASS = YES_ERROR;
				CLANG_WARN_QUOTED_INCLUDE_IN_FRAMEWORK_HEADER = YES;
				CLANG_WARN_RANGE_LOOP_ANALYSIS = YES;
				CLANG_WARN_STRICT_PROTOTYPES = YES;
				CLANG_WARN_SUSPICIOUS_MOVE = YES;
				CLANG_WARN_UNGUARDED_AVAILABILITY = YES_AGGRESSIVE;
				CLANG_WARN_UNREACHABLE_CODE = YES;
				CLANG_WARN__DUPLICATE_METHOD_MATCH = YES;
				COPY_PHASE_STRIP = NO;
				DEBUG_INFORMATION_FORMAT = dwarf;
				ENABLE_STRICT_OBJC_MSGSEND = YES;
				ENABLE_TESTABILITY = YES;
				GCC_C_LANGUAGE_STANDARD = gnu11;
				GCC_DYNAMIC_NO_PIC = NO;
				GCC_NO_COMMON_BLOCKS = YES;
				GCC_OPTIMIZATION_LEVEL = 0;
				GCC_PREPROCESSOR_DEFINITIONS = (
					"DEBUG=1",
					"$(inherited)",
				);
				GCC_WARN_64_TO_32_BIT_CONVERSION = YES;
				GCC_WARN_ABOUT_RETURN_TYPE = YES_ERROR;
				GCC_WARN_UNDECLARED_SELECTOR = YES;
				GCC_WARN_UNINITIALIZED_AUTOS = YES_AGGRESSIVE;
				GCC_WARN_UNUSED_FUNCTION = YES;
				GCC_WARN_UNUSED_VARIABLE = YES;
				IPHONEOS_DEPLOYMENT_TARGET = 16.2;
				MTL_ENABLE_DEBUG_INFO = INCLUDE_SOURCE;
				MTL_FAST_MATH = YES;
				ONLY_ACTIVE_ARCH = YES;
				SDKROOT = iphoneos;
				SWIFT_ACTIVE_COMPILATION_CONDITIONS = DEBUG;
				SWIFT_OPTIMIZATION_LEVEL = "-Onone";
			};
			name = Debug;
		};
		C71A4FAE2A171B91003F4B9D /* Release */ = {
			isa = XCBuildConfiguration;
			buildSettings = {
				ALWAYS_SEARCH_USER_PATHS = NO;
				CLANG_ANALYZER_NONNULL = YES;
				CLANG_ANALYZER_NUMBER_OBJECT_CONVERSION = YES_AGGRESSIVE;
				CLANG_CXX_LANGUAGE_STANDARD = "gnu++20";
				CLANG_ENABLE_MODULES = YES;
				CLANG_ENABLE_OBJC_ARC = YES;
				CLANG_ENABLE_OBJC_WEAK = YES;
				CLANG_WARN_BLOCK_CAPTURE_AUTORELEASING = YES;
				CLANG_WARN_BOOL_CONVERSION = YES;
				CLANG_WARN_COMMA = YES;
				CLANG_WARN_CONSTANT_CONVERSION = YES;
				CLANG_WARN_DEPRECATED_OBJC_IMPLEMENTATIONS = YES;
				CLANG_WARN_DIRECT_OBJC_ISA_USAGE = YES_ERROR;
				CLANG_WARN_DOCUMENTATION_COMMENTS = YES;
				CLANG_WARN_EMPTY_BODY = YES;
				CLANG_WARN_ENUM_CONVERSION = YES;
				CLANG_WARN_INFINITE_RECURSION = YES;
				CLANG_WARN_INT_CONVERSION = YES;
				CLANG_WARN_NON_LITERAL_NULL_CONVERSION = YES;
				CLANG_WARN_OBJC_IMPLICIT_RETAIN_SELF = YES;
				CLANG_WARN_OBJC_LITERAL_CONVERSION = YES;
				CLANG_WARN_OBJC_ROOT_CLASS = YES_ERROR;
				CLANG_WARN_QUOTED_INCLUDE_IN_FRAMEWORK_HEADER = YES;
				CLANG_WARN_RANGE_LOOP_ANALYSIS = YES;
				CLANG_WARN_STRICT_PROTOTYPES = YES;
				CLANG_WARN_SUSPICIOUS_MOVE = YES;
				CLANG_WARN_UNGUARDED_AVAILABILITY = YES_AGGRESSIVE;
				CLANG_WARN_UNREACHABLE_CODE = YES;
				CLANG_WARN__DUPLICATE_METHOD_MATCH = YES;
				COPY_PHASE_STRIP = NO;
				DEBUG_INFORMATION_FORMAT = "dwarf-with-dsym";
				ENABLE_NS_ASSERTIONS = NO;
				ENABLE_STRICT_OBJC_MSGSEND = YES;
				GCC_C_LANGUAGE_STANDARD = gnu11;
				GCC_NO_COMMON_BLOCKS = YES;
				GCC_WARN_64_TO_32_BIT_CONVERSION = YES;
				GCC_WARN_ABOUT_RETURN_TYPE = YES_ERROR;
				GCC_WARN_UNDECLARED_SELECTOR = YES;
				GCC_WARN_UNINITIALIZED_AUTOS = YES_AGGRESSIVE;
				GCC_WARN_UNUSED_FUNCTION = YES;
				GCC_WARN_UNUSED_VARIABLE = YES;
				IPHONEOS_DEPLOYMENT_TARGET = 16.2;
				MTL_ENABLE_DEBUG_INFO = NO;
				MTL_FAST_MATH = YES;
				SDKROOT = iphoneos;
				SWIFT_COMPILATION_MODE = wholemodule;
				SWIFT_OPTIMIZATION_LEVEL = "-O";
				VALIDATE_PRODUCT = YES;
			};
			name = Release;
		};
		C71A4FB02A171B91003F4B9D /* Debug */ = {
			isa = XCBuildConfiguration;
			buildSettings = {
				ASSETCATALOG_COMPILER_APPICON_NAME = AppIcon;
				ASSETCATALOG_COMPILER_GLOBAL_ACCENT_COLOR_NAME = AccentColor;
				CODE_SIGN_STYLE = Automatic;
				CURRENT_PROJECT_VERSION = 1;
				DEVELOPMENT_TEAM = X49N5BHN65;
				GENERATE_INFOPLIST_FILE = YES;
				INFOPLIST_FILE = Instegrem/Info.plist;
				INFOPLIST_KEY_UIApplicationSupportsIndirectInputEvents = YES;
				INFOPLIST_KEY_UILaunchStoryboardName = LaunchScreen;
				INFOPLIST_KEY_UISupportedInterfaceOrientations_iPad = "UIInterfaceOrientationPortrait UIInterfaceOrientationPortraitUpsideDown UIInterfaceOrientationLandscapeLeft UIInterfaceOrientationLandscapeRight";
				INFOPLIST_KEY_UISupportedInterfaceOrientations_iPhone = "UIInterfaceOrientationPortrait UIInterfaceOrientationLandscapeLeft UIInterfaceOrientationLandscapeRight";
				LD_RUNPATH_SEARCH_PATHS = (
					"$(inherited)",
					"@executable_path/Frameworks",
				);
				MARKETING_VERSION = 1.0;
				PRODUCT_BUNDLE_IDENTIFIER = baolong.Instegrem;
				PRODUCT_NAME = "$(TARGET_NAME)";
				SWIFT_EMIT_LOC_STRINGS = YES;
				SWIFT_VERSION = 5.0;
				TARGETED_DEVICE_FAMILY = "1,2";
			};
			name = Debug;
		};
		C71A4FB12A171B91003F4B9D /* Release */ = {
			isa = XCBuildConfiguration;
			buildSettings = {
				ASSETCATALOG_COMPILER_APPICON_NAME = AppIcon;
				ASSETCATALOG_COMPILER_GLOBAL_ACCENT_COLOR_NAME = AccentColor;
				CODE_SIGN_STYLE = Automatic;
				CURRENT_PROJECT_VERSION = 1;
				DEVELOPMENT_TEAM = X49N5BHN65;
				GENERATE_INFOPLIST_FILE = YES;
				INFOPLIST_FILE = Instegrem/Info.plist;
				INFOPLIST_KEY_UIApplicationSupportsIndirectInputEvents = YES;
				INFOPLIST_KEY_UILaunchStoryboardName = LaunchScreen;
				INFOPLIST_KEY_UISupportedInterfaceOrientations_iPad = "UIInterfaceOrientationPortrait UIInterfaceOrientationPortraitUpsideDown UIInterfaceOrientationLandscapeLeft UIInterfaceOrientationLandscapeRight";
				INFOPLIST_KEY_UISupportedInterfaceOrientations_iPhone = "UIInterfaceOrientationPortrait UIInterfaceOrientationLandscapeLeft UIInterfaceOrientationLandscapeRight";
				LD_RUNPATH_SEARCH_PATHS = (
					"$(inherited)",
					"@executable_path/Frameworks",
				);
				MARKETING_VERSION = 1.0;
				PRODUCT_BUNDLE_IDENTIFIER = baolong.Instegrem;
				PRODUCT_NAME = "$(TARGET_NAME)";
				SWIFT_EMIT_LOC_STRINGS = YES;
				SWIFT_VERSION = 5.0;
				TARGETED_DEVICE_FAMILY = "1,2";
			};
			name = Release;
		};
/* End XCBuildConfiguration section */

/* Begin XCConfigurationList section */
		C71A4F962A171B8F003F4B9D /* Build configuration list for PBXProject "Instegrem" */ = {
			isa = XCConfigurationList;
			buildConfigurations = (
				C71A4FAD2A171B91003F4B9D /* Debug */,
				C71A4FAE2A171B91003F4B9D /* Release */,
			);
			defaultConfigurationIsVisible = 0;
			defaultConfigurationName = Release;
		};
		C71A4FAF2A171B91003F4B9D /* Build configuration list for PBXNativeTarget "Instegrem" */ = {
			isa = XCConfigurationList;
			buildConfigurations = (
				C71A4FB02A171B91003F4B9D /* Debug */,
				C71A4FB12A171B91003F4B9D /* Release */,
			);
			defaultConfigurationIsVisible = 0;
			defaultConfigurationName = Release;
		};
/* End XCConfigurationList section */
	};
	rootObject = C71A4F932A171B8F003F4B9D /* Project object */;
}
