// !$*UTF8*$!
{
	archiveVersion = 1;
	classes = {
	};
	objectVersion = 56;
	objects = {

/* Begin PBXBuildFile section */
		246A6E112D157C396A6DA45D /* Pods_Instegrem.framework in Frameworks */ = {isa = PBXBuildFile; fileRef = 36DF8F3761BB19C56DF0DAA9 /* Pods_Instegrem.framework */; };
		C711127C2A2A32F900CFFD6B /* PostViewController.swift in Sources */ = {isa = PBXBuildFile; fileRef = C711127B2A2A32F900CFFD6B /* PostViewController.swift */; };
		C711127F2A2A3AE200CFFD6B /* PostStatusViewController.swift in Sources */ = {isa = PBXBuildFile; fileRef = C711127E2A2A3AE200CFFD6B /* PostStatusViewController.swift */; };
		C715C5202A2F4FFC002C8DBD /* DetailPostViewController.swift in Sources */ = {isa = PBXBuildFile; fileRef = C715C51F2A2F4FFC002C8DBD /* DetailPostViewController.swift */; };
		C718703A2A323E7700EB98FD /* Comment.swift in Sources */ = {isa = PBXBuildFile; fileRef = C71870392A323E7700EB98FD /* Comment.swift */; };
		C71A4F9F2A171B8F003F4B9D /* AppDelegate.swift in Sources */ = {isa = PBXBuildFile; fileRef = C71A4F9E2A171B8F003F4B9D /* AppDelegate.swift */; };
		C71A4FA12A171B8F003F4B9D /* SceneDelegate.swift in Sources */ = {isa = PBXBuildFile; fileRef = C71A4FA02A171B8F003F4B9D /* SceneDelegate.swift */; };
		C71A4FA82A171B91003F4B9D /* Assets.xcassets in Resources */ = {isa = PBXBuildFile; fileRef = C71A4FA72A171B91003F4B9D /* Assets.xcassets */; };
		C71A4FAB2A171B91003F4B9D /* LaunchScreen.storyboard in Resources */ = {isa = PBXBuildFile; fileRef = C71A4FA92A171B91003F4B9D /* LaunchScreen.storyboard */; };
		C71A4FB82A17218A003F4B9D /* TabBarViewController.swift in Sources */ = {isa = PBXBuildFile; fileRef = C71A4FB72A17218A003F4B9D /* TabBarViewController.swift */; };
		C71A4FBC2A172990003F4B9D /* HomeViewController.swift in Sources */ = {isa = PBXBuildFile; fileRef = C71A4FBA2A172990003F4B9D /* HomeViewController.swift */; };
		C71BBCDC2A2ADE0000FB7FB9 /* Post.swift in Sources */ = {isa = PBXBuildFile; fileRef = C71BBCDB2A2ADE0000FB7FB9 /* Post.swift */; };
		C71BBCDE2A2AE6DB00FB7FB9 /* HomeService.swift in Sources */ = {isa = PBXBuildFile; fileRef = C71BBCDD2A2AE6DB00FB7FB9 /* HomeService.swift */; };
		C7357D1F2A25F09C00070A20 /* AuthService.swift in Sources */ = {isa = PBXBuildFile; fileRef = C7357D1E2A25F09C00070A20 /* AuthService.swift */; };
		C7357D232A25F0BD00070A20 /* UserService.swift in Sources */ = {isa = PBXBuildFile; fileRef = C7357D222A25F0BD00070A20 /* UserService.swift */; };
		C740F7A82A32BA4800B58DB1 /* CommentViewController.swift in Sources */ = {isa = PBXBuildFile; fileRef = C740F7A72A32BA4800B58DB1 /* CommentViewController.swift */; };
		C740F7AC2A32BD5600B58DB1 /* StatusTableViewCell.swift in Sources */ = {isa = PBXBuildFile; fileRef = C740F7AA2A32BD5600B58DB1 /* StatusTableViewCell.swift */; };
		C740F7AD2A32BD5600B58DB1 /* StatusTableViewCell.xib in Resources */ = {isa = PBXBuildFile; fileRef = C740F7AB2A32BD5600B58DB1 /* StatusTableViewCell.xib */; };
		C75478B52A37149600D4CDB3 /* FollowViewController.swift in Sources */ = {isa = PBXBuildFile; fileRef = C75478B42A37149600D4CDB3 /* FollowViewController.swift */; };
		C754A8B72A36160700690E73 /* NSDate-Extension.swift in Sources */ = {isa = PBXBuildFile; fileRef = C754A8B62A36160700690E73 /* NSDate-Extension.swift */; };
		C7598F8C2A259F0E00C37AFB /* ProfileChangeDetailViewController.swift in Sources */ = {isa = PBXBuildFile; fileRef = C7598F8B2A259F0E00C37AFB /* ProfileChangeDetailViewController.swift */; };
		C764B7482A21AF0B0013ED40 /* ProfileAddAccountViewController.swift in Sources */ = {isa = PBXBuildFile; fileRef = C764B7472A21AF0B0013ED40 /* ProfileAddAccountViewController.swift */; };
		C78753A32A1BAAC800CC5CFA /* ProfileBottomViewController.swift in Sources */ = {isa = PBXBuildFile; fileRef = C78753A12A1BAAC800CC5CFA /* ProfileBottomViewController.swift */; };
		C78753A82A1BB62200CC5CFA /* ProfileBottomCollectionViewCell.swift in Sources */ = {isa = PBXBuildFile; fileRef = C78753A62A1BB62200CC5CFA /* ProfileBottomCollectionViewCell.swift */; };
		C78753A92A1BB62200CC5CFA /* ProfileBottomCollectionViewCell.xib in Resources */ = {isa = PBXBuildFile; fileRef = C78753A72A1BB62200CC5CFA /* ProfileBottomCollectionViewCell.xib */; };
		C78B03C72A30336400B9B57D /* UIViewController-Extension.swift in Sources */ = {isa = PBXBuildFile; fileRef = C78B03C62A30336400B9B57D /* UIViewController-Extension.swift */; };
		C78CDE642A176FEB004835F7 /* ProfileViewController.swift in Sources */ = {isa = PBXBuildFile; fileRef = C78CDE622A176FEB004835F7 /* ProfileViewController.swift */; };
		C78CDE652A176FEB004835F7 /* ProfileViewController.xib in Resources */ = {isa = PBXBuildFile; fileRef = C78CDE632A176FEB004835F7 /* ProfileViewController.xib */; };
		C78CDE672A177A1C004835F7 /* UIView-Extension.swift in Sources */ = {isa = PBXBuildFile; fileRef = C78CDE662A177A1C004835F7 /* UIView-Extension.swift */; };
		C78CDE6A2A178243004835F7 /* IGActivityIndicator.swift in Sources */ = {isa = PBXBuildFile; fileRef = C78CDE692A178243004835F7 /* IGActivityIndicator.swift */; };
		C78CDE6C2A17BE88004835F7 /* CustomNavigationBar.swift in Sources */ = {isa = PBXBuildFile; fileRef = C78CDE6B2A17BE88004835F7 /* CustomNavigationBar.swift */; };
		C79215D62A31E883009E9404 /* LikeViewController.swift in Sources */ = {isa = PBXBuildFile; fileRef = C79215D52A31E883009E9404 /* LikeViewController.swift */; };
		C79215DC2A31EC1D009E9404 /* LikeTableViewCell.swift in Sources */ = {isa = PBXBuildFile; fileRef = C79215DA2A31EC1D009E9404 /* LikeTableViewCell.swift */; };
		C79215DD2A31EC1D009E9404 /* LikeTableViewCell.xib in Resources */ = {isa = PBXBuildFile; fileRef = C79215DB2A31EC1D009E9404 /* LikeTableViewCell.xib */; };
		C7924DEC2A32FBEB000756A0 /* CustomCommentView.swift in Sources */ = {isa = PBXBuildFile; fileRef = C7924DEB2A32FBEB000756A0 /* CustomCommentView.swift */; };
		C795B19E2A1DFFA50067F7D5 /* StorySavedCollectionViewCell.swift in Sources */ = {isa = PBXBuildFile; fileRef = C795B19C2A1DFFA50067F7D5 /* StorySavedCollectionViewCell.swift */; };
		C795B19F2A1DFFA50067F7D5 /* StorySavedCollectionViewCell.xib in Resources */ = {isa = PBXBuildFile; fileRef = C795B19D2A1DFFA50067F7D5 /* StorySavedCollectionViewCell.xib */; };
		C79B65C72A244AE900765EAB /* CreateAccountViewController.swift in Sources */ = {isa = PBXBuildFile; fileRef = C79B65C52A244AE900765EAB /* CreateAccountViewController.swift */; };
		C79B65C82A244AE900765EAB /* CreateAccountViewController.xib in Resources */ = {isa = PBXBuildFile; fileRef = C79B65C62A244AE900765EAB /* CreateAccountViewController.xib */; };
		C79B65CB2A249C4B00765EAB /* User.swift in Sources */ = {isa = PBXBuildFile; fileRef = C79B65CA2A249C4B00765EAB /* User.swift */; };
		C7A15B3D2A1CC281000CBCA0 /* ProfileBarCollectionViewCell.swift in Sources */ = {isa = PBXBuildFile; fileRef = C7A15B3B2A1CC281000CBCA0 /* ProfileBarCollectionViewCell.swift */; };
		C7A15B3E2A1CC281000CBCA0 /* ProfileBarCollectionViewCell.xib in Resources */ = {isa = PBXBuildFile; fileRef = C7A15B3C2A1CC281000CBCA0 /* ProfileBarCollectionViewCell.xib */; };
		C7A6CA752A273C33001F7D5E /* ProfileChangeAvatarViewController.swift in Sources */ = {isa = PBXBuildFile; fileRef = C7A6CA742A273C33001F7D5E /* ProfileChangeAvatarViewController.swift */; };
		C7AB44E52A32C50D00D66A5B /* HeaderCommentView.swift in Sources */ = {isa = PBXBuildFile; fileRef = C7AB44E42A32C50D00D66A5B /* HeaderCommentView.swift */; };
		C7ABE1BE2A28EC51002A7E42 /* PostCollectionViewCell.swift in Sources */ = {isa = PBXBuildFile; fileRef = C7ABE1BD2A28EC51002A7E42 /* PostCollectionViewCell.swift */; };
		C7B568032A20B7F300F47C14 /* ProfileChangeViewController.swift in Sources */ = {isa = PBXBuildFile; fileRef = C7B568012A20B7F300F47C14 /* ProfileChangeViewController.swift */; };
		C7B568092A20BD8100F47C14 /* ProfileChangeTopTableViewCell.swift in Sources */ = {isa = PBXBuildFile; fileRef = C7B568072A20BD8100F47C14 /* ProfileChangeTopTableViewCell.swift */; };
		C7B5680A2A20BD8100F47C14 /* ProfileChangeTopTableViewCell.xib in Resources */ = {isa = PBXBuildFile; fileRef = C7B568082A20BD8100F47C14 /* ProfileChangeTopTableViewCell.xib */; };
		C7B5680D2A20BF9D00F47C14 /* ProfileChangeTableViewCell.swift in Sources */ = {isa = PBXBuildFile; fileRef = C7B5680B2A20BF9D00F47C14 /* ProfileChangeTableViewCell.swift */; };
		C7B5680E2A20BF9D00F47C14 /* ProfileChangeTableViewCell.xib in Resources */ = {isa = PBXBuildFile; fileRef = C7B5680C2A20BF9D00F47C14 /* ProfileChangeTableViewCell.xib */; };
		C7B9E5AB2A23604B00D2E94D /* GoogleService-Info.plist in Resources */ = {isa = PBXBuildFile; fileRef = C7B9E5AA2A23604A00D2E94D /* GoogleService-Info.plist */; };
		C7B9E5AE2A239E8700D2E94D /* ProfileModel.swift in Sources */ = {isa = PBXBuildFile; fileRef = C7B9E5AD2A239E8700D2E94D /* ProfileModel.swift */; };
		C7B9E5B22A23A02700D2E94D /* LoginViewController.swift in Sources */ = {isa = PBXBuildFile; fileRef = C7B9E5B02A23A02700D2E94D /* LoginViewController.swift */; };
		C7B9E5B32A23A02700D2E94D /* LoginViewController.xib in Resources */ = {isa = PBXBuildFile; fileRef = C7B9E5B12A23A02700D2E94D /* LoginViewController.xib */; };
		C7B9E5B72A23B5BA00D2E94D /* SignInViewController.swift in Sources */ = {isa = PBXBuildFile; fileRef = C7B9E5B52A23B5BA00D2E94D /* SignInViewController.swift */; };
		C7B9E5B82A23B5BA00D2E94D /* SignInViewController.xib in Resources */ = {isa = PBXBuildFile; fileRef = C7B9E5B62A23B5BA00D2E94D /* SignInViewController.xib */; };
		C7D155BB2A26E175007073AA /* ProfileViewModel.swift in Sources */ = {isa = PBXBuildFile; fileRef = C7D155BA2A26E175007073AA /* ProfileViewModel.swift */; };
		C7D155BD2A26EC51007073AA /* UILabel-Extension.swift in Sources */ = {isa = PBXBuildFile; fileRef = C7D155BC2A26EC51007073AA /* UILabel-Extension.swift */; };
		C7E2E32C2A1F9A6B00DF0754 /* CustomPresentViewController.swift in Sources */ = {isa = PBXBuildFile; fileRef = C7E2E32B2A1F9A6B00DF0754 /* CustomPresentViewController.swift */; };
		C7E2E32E2A1FA81400DF0754 /* ProfileCreateViewController.swift in Sources */ = {isa = PBXBuildFile; fileRef = C7E2E32D2A1FA81400DF0754 /* ProfileCreateViewController.swift */; };
		C7E2E3312A1FB94600DF0754 /* ProfileCreateTableViewCell.swift in Sources */ = {isa = PBXBuildFile; fileRef = C7E2E32F2A1FB94600DF0754 /* ProfileCreateTableViewCell.swift */; };
		C7E2E3322A1FB94600DF0754 /* ProfileCreateTableViewCell.xib in Resources */ = {isa = PBXBuildFile; fileRef = C7E2E3302A1FB94600DF0754 /* ProfileCreateTableViewCell.xib */; };
		C7E2E3342A1FC43800DF0754 /* ProfileMoreViewController.swift in Sources */ = {isa = PBXBuildFile; fileRef = C7E2E3332A1FC43800DF0754 /* ProfileMoreViewController.swift */; };
/* End PBXBuildFile section */

/* Begin PBXFileReference section */
		3583D3E181D85F366EF63E7B /* Pods-Instegrem.release.xcconfig */ = {isa = PBXFileReference; includeInIndex = 1; lastKnownFileType = text.xcconfig; name = "Pods-Instegrem.release.xcconfig"; path = "Target Support Files/Pods-Instegrem/Pods-Instegrem.release.xcconfig"; sourceTree = "<group>"; };
		36DF8F3761BB19C56DF0DAA9 /* Pods_Instegrem.framework */ = {isa = PBXFileReference; explicitFileType = wrapper.framework; includeInIndex = 0; path = Pods_Instegrem.framework; sourceTree = BUILT_PRODUCTS_DIR; };
		C711127B2A2A32F900CFFD6B /* PostViewController.swift */ = {isa = PBXFileReference; lastKnownFileType = sourcecode.swift; path = PostViewController.swift; sourceTree = "<group>"; };
		C711127E2A2A3AE200CFFD6B /* PostStatusViewController.swift */ = {isa = PBXFileReference; lastKnownFileType = sourcecode.swift; path = PostStatusViewController.swift; sourceTree = "<group>"; };
		C715C51F2A2F4FFC002C8DBD /* DetailPostViewController.swift */ = {isa = PBXFileReference; lastKnownFileType = sourcecode.swift; path = DetailPostViewController.swift; sourceTree = "<group>"; };
		C71870392A323E7700EB98FD /* Comment.swift */ = {isa = PBXFileReference; lastKnownFileType = sourcecode.swift; path = Comment.swift; sourceTree = "<group>"; };
		C71A4F9B2A171B8F003F4B9D /* Instegrem.app */ = {isa = PBXFileReference; explicitFileType = wrapper.application; includeInIndex = 0; path = Instegrem.app; sourceTree = BUILT_PRODUCTS_DIR; };
		C71A4F9E2A171B8F003F4B9D /* AppDelegate.swift */ = {isa = PBXFileReference; lastKnownFileType = sourcecode.swift; path = AppDelegate.swift; sourceTree = "<group>"; };
		C71A4FA02A171B8F003F4B9D /* SceneDelegate.swift */ = {isa = PBXFileReference; lastKnownFileType = sourcecode.swift; path = SceneDelegate.swift; sourceTree = "<group>"; };
		C71A4FA72A171B91003F4B9D /* Assets.xcassets */ = {isa = PBXFileReference; lastKnownFileType = folder.assetcatalog; path = Assets.xcassets; sourceTree = "<group>"; };
		C71A4FAA2A171B91003F4B9D /* Base */ = {isa = PBXFileReference; lastKnownFileType = file.storyboard; name = Base; path = Base.lproj/LaunchScreen.storyboard; sourceTree = "<group>"; };
		C71A4FAC2A171B91003F4B9D /* Info.plist */ = {isa = PBXFileReference; lastKnownFileType = text.plist.xml; path = Info.plist; sourceTree = "<group>"; };
		C71A4FB72A17218A003F4B9D /* TabBarViewController.swift */ = {isa = PBXFileReference; lastKnownFileType = sourcecode.swift; path = TabBarViewController.swift; sourceTree = "<group>"; };
		C71A4FBA2A172990003F4B9D /* HomeViewController.swift */ = {isa = PBXFileReference; lastKnownFileType = sourcecode.swift; path = HomeViewController.swift; sourceTree = "<group>"; };
		C71BBCDB2A2ADE0000FB7FB9 /* Post.swift */ = {isa = PBXFileReference; lastKnownFileType = sourcecode.swift; path = Post.swift; sourceTree = "<group>"; };
		C71BBCDD2A2AE6DB00FB7FB9 /* HomeService.swift */ = {isa = PBXFileReference; lastKnownFileType = sourcecode.swift; path = HomeService.swift; sourceTree = "<group>"; };
		C7357D1E2A25F09C00070A20 /* AuthService.swift */ = {isa = PBXFileReference; lastKnownFileType = sourcecode.swift; path = AuthService.swift; sourceTree = "<group>"; };
		C7357D222A25F0BD00070A20 /* UserService.swift */ = {isa = PBXFileReference; lastKnownFileType = sourcecode.swift; path = UserService.swift; sourceTree = "<group>"; };
		C740F7A72A32BA4800B58DB1 /* CommentViewController.swift */ = {isa = PBXFileReference; lastKnownFileType = sourcecode.swift; path = CommentViewController.swift; sourceTree = "<group>"; };
		C740F7AA2A32BD5600B58DB1 /* StatusTableViewCell.swift */ = {isa = PBXFileReference; lastKnownFileType = sourcecode.swift; path = StatusTableViewCell.swift; sourceTree = "<group>"; };
		C740F7AB2A32BD5600B58DB1 /* StatusTableViewCell.xib */ = {isa = PBXFileReference; lastKnownFileType = file.xib; path = StatusTableViewCell.xib; sourceTree = "<group>"; };
		C75478B42A37149600D4CDB3 /* FollowViewController.swift */ = {isa = PBXFileReference; lastKnownFileType = sourcecode.swift; path = FollowViewController.swift; sourceTree = "<group>"; };
		C754A8B62A36160700690E73 /* NSDate-Extension.swift */ = {isa = PBXFileReference; lastKnownFileType = sourcecode.swift; path = "NSDate-Extension.swift"; sourceTree = "<group>"; };
		C7598F8B2A259F0E00C37AFB /* ProfileChangeDetailViewController.swift */ = {isa = PBXFileReference; lastKnownFileType = sourcecode.swift; path = ProfileChangeDetailViewController.swift; sourceTree = "<group>"; };
		C764B7472A21AF0B0013ED40 /* ProfileAddAccountViewController.swift */ = {isa = PBXFileReference; lastKnownFileType = sourcecode.swift; path = ProfileAddAccountViewController.swift; sourceTree = "<group>"; };
		C78753A12A1BAAC800CC5CFA /* ProfileBottomViewController.swift */ = {isa = PBXFileReference; lastKnownFileType = sourcecode.swift; path = ProfileBottomViewController.swift; sourceTree = "<group>"; };
		C78753A62A1BB62200CC5CFA /* ProfileBottomCollectionViewCell.swift */ = {isa = PBXFileReference; lastKnownFileType = sourcecode.swift; path = ProfileBottomCollectionViewCell.swift; sourceTree = "<group>"; };
		C78753A72A1BB62200CC5CFA /* ProfileBottomCollectionViewCell.xib */ = {isa = PBXFileReference; lastKnownFileType = file.xib; path = ProfileBottomCollectionViewCell.xib; sourceTree = "<group>"; };
		C78B03C62A30336400B9B57D /* UIViewController-Extension.swift */ = {isa = PBXFileReference; lastKnownFileType = sourcecode.swift; path = "UIViewController-Extension.swift"; sourceTree = "<group>"; };
		C78CDE622A176FEB004835F7 /* ProfileViewController.swift */ = {isa = PBXFileReference; lastKnownFileType = sourcecode.swift; path = ProfileViewController.swift; sourceTree = "<group>"; };
		C78CDE632A176FEB004835F7 /* ProfileViewController.xib */ = {isa = PBXFileReference; lastKnownFileType = file.xib; path = ProfileViewController.xib; sourceTree = "<group>"; };
		C78CDE662A177A1C004835F7 /* UIView-Extension.swift */ = {isa = PBXFileReference; lastKnownFileType = sourcecode.swift; path = "UIView-Extension.swift"; sourceTree = "<group>"; };
		C78CDE692A178243004835F7 /* IGActivityIndicator.swift */ = {isa = PBXFileReference; fileEncoding = 4; lastKnownFileType = sourcecode.swift; path = IGActivityIndicator.swift; sourceTree = "<group>"; };
		C78CDE6B2A17BE88004835F7 /* CustomNavigationBar.swift */ = {isa = PBXFileReference; lastKnownFileType = sourcecode.swift; path = CustomNavigationBar.swift; sourceTree = "<group>"; };
		C79215D52A31E883009E9404 /* LikeViewController.swift */ = {isa = PBXFileReference; lastKnownFileType = sourcecode.swift; path = LikeViewController.swift; sourceTree = "<group>"; };
		C79215DA2A31EC1D009E9404 /* LikeTableViewCell.swift */ = {isa = PBXFileReference; lastKnownFileType = sourcecode.swift; path = LikeTableViewCell.swift; sourceTree = "<group>"; };
		C79215DB2A31EC1D009E9404 /* LikeTableViewCell.xib */ = {isa = PBXFileReference; lastKnownFileType = file.xib; path = LikeTableViewCell.xib; sourceTree = "<group>"; };
		C7924DEB2A32FBEB000756A0 /* CustomCommentView.swift */ = {isa = PBXFileReference; lastKnownFileType = sourcecode.swift; path = CustomCommentView.swift; sourceTree = "<group>"; };
		C795B19C2A1DFFA50067F7D5 /* StorySavedCollectionViewCell.swift */ = {isa = PBXFileReference; lastKnownFileType = sourcecode.swift; path = StorySavedCollectionViewCell.swift; sourceTree = "<group>"; };
		C795B19D2A1DFFA50067F7D5 /* StorySavedCollectionViewCell.xib */ = {isa = PBXFileReference; lastKnownFileType = file.xib; path = StorySavedCollectionViewCell.xib; sourceTree = "<group>"; };
		C79B65C52A244AE900765EAB /* CreateAccountViewController.swift */ = {isa = PBXFileReference; lastKnownFileType = sourcecode.swift; path = CreateAccountViewController.swift; sourceTree = "<group>"; };
		C79B65C62A244AE900765EAB /* CreateAccountViewController.xib */ = {isa = PBXFileReference; lastKnownFileType = file.xib; path = CreateAccountViewController.xib; sourceTree = "<group>"; };
		C79B65CA2A249C4B00765EAB /* User.swift */ = {isa = PBXFileReference; lastKnownFileType = sourcecode.swift; path = User.swift; sourceTree = "<group>"; };
		C7A15B3B2A1CC281000CBCA0 /* ProfileBarCollectionViewCell.swift */ = {isa = PBXFileReference; lastKnownFileType = sourcecode.swift; path = ProfileBarCollectionViewCell.swift; sourceTree = "<group>"; };
		C7A15B3C2A1CC281000CBCA0 /* ProfileBarCollectionViewCell.xib */ = {isa = PBXFileReference; lastKnownFileType = file.xib; path = ProfileBarCollectionViewCell.xib; sourceTree = "<group>"; };
		C7A6CA742A273C33001F7D5E /* ProfileChangeAvatarViewController.swift */ = {isa = PBXFileReference; lastKnownFileType = sourcecode.swift; path = ProfileChangeAvatarViewController.swift; sourceTree = "<group>"; };
		C7AB44E42A32C50D00D66A5B /* HeaderCommentView.swift */ = {isa = PBXFileReference; lastKnownFileType = sourcecode.swift; path = HeaderCommentView.swift; sourceTree = "<group>"; };
		C7ABE1BD2A28EC51002A7E42 /* PostCollectionViewCell.swift */ = {isa = PBXFileReference; lastKnownFileType = sourcecode.swift; path = PostCollectionViewCell.swift; sourceTree = "<group>"; };
		C7B568012A20B7F300F47C14 /* ProfileChangeViewController.swift */ = {isa = PBXFileReference; lastKnownFileType = sourcecode.swift; path = ProfileChangeViewController.swift; sourceTree = "<group>"; };
		C7B568072A20BD8100F47C14 /* ProfileChangeTopTableViewCell.swift */ = {isa = PBXFileReference; lastKnownFileType = sourcecode.swift; path = ProfileChangeTopTableViewCell.swift; sourceTree = "<group>"; };
		C7B568082A20BD8100F47C14 /* ProfileChangeTopTableViewCell.xib */ = {isa = PBXFileReference; lastKnownFileType = file.xib; path = ProfileChangeTopTableViewCell.xib; sourceTree = "<group>"; };
		C7B5680B2A20BF9D00F47C14 /* ProfileChangeTableViewCell.swift */ = {isa = PBXFileReference; lastKnownFileType = sourcecode.swift; path = ProfileChangeTableViewCell.swift; sourceTree = "<group>"; };
		C7B5680C2A20BF9D00F47C14 /* ProfileChangeTableViewCell.xib */ = {isa = PBXFileReference; lastKnownFileType = file.xib; path = ProfileChangeTableViewCell.xib; sourceTree = "<group>"; };
		C7B9E5AA2A23604A00D2E94D /* GoogleService-Info.plist */ = {isa = PBXFileReference; fileEncoding = 4; lastKnownFileType = text.plist.xml; path = "GoogleService-Info.plist"; sourceTree = "<group>"; };
		C7B9E5AD2A239E8700D2E94D /* ProfileModel.swift */ = {isa = PBXFileReference; lastKnownFileType = sourcecode.swift; path = ProfileModel.swift; sourceTree = "<group>"; };
		C7B9E5B02A23A02700D2E94D /* LoginViewController.swift */ = {isa = PBXFileReference; lastKnownFileType = sourcecode.swift; path = LoginViewController.swift; sourceTree = "<group>"; };
		C7B9E5B12A23A02700D2E94D /* LoginViewController.xib */ = {isa = PBXFileReference; lastKnownFileType = file.xib; path = LoginViewController.xib; sourceTree = "<group>"; };
		C7B9E5B52A23B5BA00D2E94D /* SignInViewController.swift */ = {isa = PBXFileReference; lastKnownFileType = sourcecode.swift; path = SignInViewController.swift; sourceTree = "<group>"; };
		C7B9E5B62A23B5BA00D2E94D /* SignInViewController.xib */ = {isa = PBXFileReference; lastKnownFileType = file.xib; path = SignInViewController.xib; sourceTree = "<group>"; };
		C7D155BA2A26E175007073AA /* ProfileViewModel.swift */ = {isa = PBXFileReference; lastKnownFileType = sourcecode.swift; path = ProfileViewModel.swift; sourceTree = "<group>"; };
		C7D155BC2A26EC51007073AA /* UILabel-Extension.swift */ = {isa = PBXFileReference; lastKnownFileType = sourcecode.swift; path = "UILabel-Extension.swift"; sourceTree = "<group>"; };
		C7E2E32B2A1F9A6B00DF0754 /* CustomPresentViewController.swift */ = {isa = PBXFileReference; lastKnownFileType = sourcecode.swift; path = CustomPresentViewController.swift; sourceTree = "<group>"; };
		C7E2E32D2A1FA81400DF0754 /* ProfileCreateViewController.swift */ = {isa = PBXFileReference; lastKnownFileType = sourcecode.swift; path = ProfileCreateViewController.swift; sourceTree = "<group>"; };
		C7E2E32F2A1FB94600DF0754 /* ProfileCreateTableViewCell.swift */ = {isa = PBXFileReference; lastKnownFileType = sourcecode.swift; path = ProfileCreateTableViewCell.swift; sourceTree = "<group>"; };
		C7E2E3302A1FB94600DF0754 /* ProfileCreateTableViewCell.xib */ = {isa = PBXFileReference; lastKnownFileType = file.xib; path = ProfileCreateTableViewCell.xib; sourceTree = "<group>"; };
		C7E2E3332A1FC43800DF0754 /* ProfileMoreViewController.swift */ = {isa = PBXFileReference; lastKnownFileType = sourcecode.swift; path = ProfileMoreViewController.swift; sourceTree = "<group>"; };
		FB2C736A02A86A56A1D6938F /* Pods-Instegrem.debug.xcconfig */ = {isa = PBXFileReference; includeInIndex = 1; lastKnownFileType = text.xcconfig; name = "Pods-Instegrem.debug.xcconfig"; path = "Target Support Files/Pods-Instegrem/Pods-Instegrem.debug.xcconfig"; sourceTree = "<group>"; };
/* End PBXFileReference section */

/* Begin PBXFrameworksBuildPhase section */
		C71A4F982A171B8F003F4B9D /* Frameworks */ = {
			isa = PBXFrameworksBuildPhase;
			buildActionMask = 2147483647;
			files = (
				246A6E112D157C396A6DA45D /* Pods_Instegrem.framework in Frameworks */,
			);
			runOnlyForDeploymentPostprocessing = 0;
		};
/* End PBXFrameworksBuildPhase section */

/* Begin PBXGroup section */
		6E3B75FC552F0F690B5EA3A7 /* Frameworks */ = {
			isa = PBXGroup;
			children = (
				36DF8F3761BB19C56DF0DAA9 /* Pods_Instegrem.framework */,
			);
			name = Frameworks;
			sourceTree = "<group>";
		};
		C71112792A2A2C5F00CFFD6B /* Model */ = {
			isa = PBXGroup;
			children = (
			);
			path = Model;
			sourceTree = "<group>";
		};
		C711127A2A2A2C6700CFFD6B /* ViewModel */ = {
			isa = PBXGroup;
			children = (
			);
			path = ViewModel;
			sourceTree = "<group>";
		};
		C711127D2A2A3ABC00CFFD6B /* ViewController */ = {
			isa = PBXGroup;
			children = (
				C711127B2A2A32F900CFFD6B /* PostViewController.swift */,
				C711127E2A2A3AE200CFFD6B /* PostStatusViewController.swift */,
			);
			path = ViewController;
			sourceTree = "<group>";
		};
		C718703B2A323ED000EB98FD /* Comment */ = {
			isa = PBXGroup;
			children = (
				C740F7A92A32BCC100B58DB1 /* Cell */,
				C740F7A62A32BA2400B58DB1 /* Controller */,
				C718703C2A323EDC00EB98FD /* Model */,
			);
			path = Comment;
			sourceTree = "<group>";
		};
		C718703C2A323EDC00EB98FD /* Model */ = {
			isa = PBXGroup;
			children = (
				C71870392A323E7700EB98FD /* Comment.swift */,
			);
			path = Model;
			sourceTree = "<group>";
		};
		C71A4F922A171B8F003F4B9D = {
			isa = PBXGroup;
			children = (
				C71A4F9D2A171B8F003F4B9D /* Instegrem */,
				C71A4F9C2A171B8F003F4B9D /* Products */,
				F9A3390A7E9206B21D3C4329 /* Pods */,
				6E3B75FC552F0F690B5EA3A7 /* Frameworks */,
			);
			sourceTree = "<group>";
		};
		C71A4F9C2A171B8F003F4B9D /* Products */ = {
			isa = PBXGroup;
			children = (
				C71A4F9B2A171B8F003F4B9D /* Instegrem.app */,
			);
			name = Products;
			sourceTree = "<group>";
		};
		C71A4F9D2A171B8F003F4B9D /* Instegrem */ = {
			isa = PBXGroup;
			children = (
				C71A4FB62A171CCF003F4B9D /* Application */,
				C78CDE682A178211004835F7 /* Utitlity */,
				C71A4FB42A171C1E003F4B9D /* Extensions */,
				C71A4FB32A171C10003F4B9D /* ClassCode */,
				C71A4FA72A171B91003F4B9D /* Assets.xcassets */,
				C71A4FA92A171B91003F4B9D /* LaunchScreen.storyboard */,
				C7B9E5AA2A23604A00D2E94D /* GoogleService-Info.plist */,
				C71A4FAC2A171B91003F4B9D /* Info.plist */,
			);
			path = Instegrem;
			sourceTree = "<group>";
		};
		C71A4FB32A171C10003F4B9D /* ClassCode */ = {
			isa = PBXGroup;
			children = (
				C7598F892A259DFB00C37AFB /* APIService */,
				C75478B02A37121800D4CDB3 /* Follow */,
				C79215D72A31EB46009E9404 /* Like */,
				C718703B2A323ED000EB98FD /* Comment */,
				C7B9E5AF2A239F0300D2E94D /* Login */,
				C71A4FBF2A17356C003F4B9D /* Profile */,
				C71A4FBE2A173563003F4B9D /* Post */,
				C71A4FB92A172625003F4B9D /* Home */,
				C71A4FB52A171C9B003F4B9D /* TabbarViewController */,
			);
			path = ClassCode;
			sourceTree = "<group>";
		};
		C71A4FB42A171C1E003F4B9D /* Extensions */ = {
			isa = PBXGroup;
			children = (
				C78CDE662A177A1C004835F7 /* UIView-Extension.swift */,
				C7D155BC2A26EC51007073AA /* UILabel-Extension.swift */,
				C78B03C62A30336400B9B57D /* UIViewController-Extension.swift */,
				C754A8B62A36160700690E73 /* NSDate-Extension.swift */,
			);
			path = Extensions;
			sourceTree = "<group>";
		};
		C71A4FB52A171C9B003F4B9D /* TabbarViewController */ = {
			isa = PBXGroup;
			children = (
				C71A4FB72A17218A003F4B9D /* TabBarViewController.swift */,
			);
			path = TabbarViewController;
			sourceTree = "<group>";
		};
		C71A4FB62A171CCF003F4B9D /* Application */ = {
			isa = PBXGroup;
			children = (
				C71A4F9E2A171B8F003F4B9D /* AppDelegate.swift */,
				C71A4FA02A171B8F003F4B9D /* SceneDelegate.swift */,
			);
			path = Application;
			sourceTree = "<group>";
		};
		C71A4FB92A172625003F4B9D /* Home */ = {
			isa = PBXGroup;
			children = (
				C71112792A2A2C5F00CFFD6B /* Model */,
				C711127A2A2A2C6700CFFD6B /* ViewModel */,
				C7ABE1BF2A28EC58002A7E42 /* Cell */,
				C71A4FBA2A172990003F4B9D /* HomeViewController.swift */,
			);
			path = Home;
			sourceTree = "<group>";
		};
		C71A4FBE2A173563003F4B9D /* Post */ = {
			isa = PBXGroup;
			children = (
				C71BBCDA2A2ADDC800FB7FB9 /* Model */,
				C711127D2A2A3ABC00CFFD6B /* ViewController */,
			);
			path = Post;
			sourceTree = "<group>";
		};
		C71A4FBF2A17356C003F4B9D /* Profile */ = {
			isa = PBXGroup;
			children = (
				C7D155B92A26E165007073AA /* ViewModel */,
				C7B9E5AC2A239E4D00D2E94D /* Model */,
				C7B568052A20BD1500F47C14 /* ProfifleChange */,
				C78753A52A1BB5ED00CC5CFA /* Cells */,
				C78CDE612A176FD7004835F7 /* Controller */,
			);
			path = Profile;
			sourceTree = "<group>";
		};
		C71BBCDA2A2ADDC800FB7FB9 /* Model */ = {
			isa = PBXGroup;
			children = (
				C71BBCDB2A2ADE0000FB7FB9 /* Post.swift */,
			);
			path = Model;
			sourceTree = "<group>";
		};
		C740F7A62A32BA2400B58DB1 /* Controller */ = {
			isa = PBXGroup;
			children = (
				C740F7A72A32BA4800B58DB1 /* CommentViewController.swift */,
			);
			path = Controller;
			sourceTree = "<group>";
		};
		C740F7A92A32BCC100B58DB1 /* Cell */ = {
			isa = PBXGroup;
			children = (
				C740F7AA2A32BD5600B58DB1 /* StatusTableViewCell.swift */,
				C740F7AB2A32BD5600B58DB1 /* StatusTableViewCell.xib */,
				C7AB44E42A32C50D00D66A5B /* HeaderCommentView.swift */,
			);
			path = Cell;
			sourceTree = "<group>";
		};
		C75478B02A37121800D4CDB3 /* Follow */ = {
			isa = PBXGroup;
			children = (
				C75478B32A37148000D4CDB3 /* Controller */,
				C75478B22A37147600D4CDB3 /* ViewModel */,
				C75478B12A37146D00D4CDB3 /* Model */,
			);
			path = Follow;
			sourceTree = "<group>";
		};
		C75478B12A37146D00D4CDB3 /* Model */ = {
			isa = PBXGroup;
			children = (
			);
			path = Model;
			sourceTree = "<group>";
		};
		C75478B22A37147600D4CDB3 /* ViewModel */ = {
			isa = PBXGroup;
			children = (
			);
			path = ViewModel;
			sourceTree = "<group>";
		};
		C75478B32A37148000D4CDB3 /* Controller */ = {
			isa = PBXGroup;
			children = (
				C75478B42A37149600D4CDB3 /* FollowViewController.swift */,
			);
			path = Controller;
			sourceTree = "<group>";
		};
		C7598F892A259DFB00C37AFB /* APIService */ = {
			isa = PBXGroup;
			children = (
				C7357D1E2A25F09C00070A20 /* AuthService.swift */,
				C7357D222A25F0BD00070A20 /* UserService.swift */,
				C71BBCDD2A2AE6DB00FB7FB9 /* HomeService.swift */,
			);
			path = APIService;
			sourceTree = "<group>";
		};
		C7598F8A2A259EC600C37AFB /* Other */ = {
			isa = PBXGroup;
			children = (
				C78753A12A1BAAC800CC5CFA /* ProfileBottomViewController.swift */,
				C7E2E32D2A1FA81400DF0754 /* ProfileCreateViewController.swift */,
				C7E2E3332A1FC43800DF0754 /* ProfileMoreViewController.swift */,
				C764B7472A21AF0B0013ED40 /* ProfileAddAccountViewController.swift */,
				C715C51F2A2F4FFC002C8DBD /* DetailPostViewController.swift */,
			);
			path = Other;
			sourceTree = "<group>";
		};
		C78753A52A1BB5ED00CC5CFA /* Cells */ = {
			isa = PBXGroup;
			children = (
				C78753A62A1BB62200CC5CFA /* ProfileBottomCollectionViewCell.swift */,
				C78753A72A1BB62200CC5CFA /* ProfileBottomCollectionViewCell.xib */,
				C7A15B3B2A1CC281000CBCA0 /* ProfileBarCollectionViewCell.swift */,
				C7A15B3C2A1CC281000CBCA0 /* ProfileBarCollectionViewCell.xib */,
				C795B19C2A1DFFA50067F7D5 /* StorySavedCollectionViewCell.swift */,
				C795B19D2A1DFFA50067F7D5 /* StorySavedCollectionViewCell.xib */,
				C7E2E32F2A1FB94600DF0754 /* ProfileCreateTableViewCell.swift */,
				C7E2E3302A1FB94600DF0754 /* ProfileCreateTableViewCell.xib */,
			);
			path = Cells;
			sourceTree = "<group>";
		};
		C78CDE612A176FD7004835F7 /* Controller */ = {
			isa = PBXGroup;
			children = (
				C78CDE622A176FEB004835F7 /* ProfileViewController.swift */,
				C78CDE632A176FEB004835F7 /* ProfileViewController.xib */,
				C7598F8A2A259EC600C37AFB /* Other */,
			);
			path = Controller;
			sourceTree = "<group>";
		};
		C78CDE682A178211004835F7 /* Utitlity */ = {
			isa = PBXGroup;
			children = (
				C78CDE692A178243004835F7 /* IGActivityIndicator.swift */,
				C78CDE6B2A17BE88004835F7 /* CustomNavigationBar.swift */,
				C7E2E32B2A1F9A6B00DF0754 /* CustomPresentViewController.swift */,
				C7924DEB2A32FBEB000756A0 /* CustomCommentView.swift */,
			);
			path = Utitlity;
			sourceTree = "<group>";
		};
		C79215D72A31EB46009E9404 /* Like */ = {
			isa = PBXGroup;
			children = (
				C79215D92A31EBB2009E9404 /* Cell */,
				C79215D82A31EB9E009E9404 /* ViewController */,
			);
			path = Like;
			sourceTree = "<group>";
		};
		C79215D82A31EB9E009E9404 /* ViewController */ = {
			isa = PBXGroup;
			children = (
				C79215D52A31E883009E9404 /* LikeViewController.swift */,
			);
			path = ViewController;
			sourceTree = "<group>";
		};
		C79215D92A31EBB2009E9404 /* Cell */ = {
			isa = PBXGroup;
			children = (
				C79215DA2A31EC1D009E9404 /* LikeTableViewCell.swift */,
				C79215DB2A31EC1D009E9404 /* LikeTableViewCell.xib */,
			);
			path = Cell;
			sourceTree = "<group>";
		};
		C79B65C92A249C3B00765EAB /* Model */ = {
			isa = PBXGroup;
			children = (
				C79B65CA2A249C4B00765EAB /* User.swift */,
			);
			path = Model;
			sourceTree = "<group>";
		};
		C7ABE1BF2A28EC58002A7E42 /* Cell */ = {
			isa = PBXGroup;
			children = (
				C7ABE1BD2A28EC51002A7E42 /* PostCollectionViewCell.swift */,
			);
			path = Cell;
			sourceTree = "<group>";
		};
		C7B568052A20BD1500F47C14 /* ProfifleChange */ = {
			isa = PBXGroup;
			children = (
				C7B568062A20BD2200F47C14 /* Cell */,
				C7B568012A20B7F300F47C14 /* ProfileChangeViewController.swift */,
				C7598F8B2A259F0E00C37AFB /* ProfileChangeDetailViewController.swift */,
				C7A6CA742A273C33001F7D5E /* ProfileChangeAvatarViewController.swift */,
			);
			path = ProfifleChange;
			sourceTree = "<group>";
		};
		C7B568062A20BD2200F47C14 /* Cell */ = {
			isa = PBXGroup;
			children = (
				C7B568072A20BD8100F47C14 /* ProfileChangeTopTableViewCell.swift */,
				C7B568082A20BD8100F47C14 /* ProfileChangeTopTableViewCell.xib */,
				C7B5680B2A20BF9D00F47C14 /* ProfileChangeTableViewCell.swift */,
				C7B5680C2A20BF9D00F47C14 /* ProfileChangeTableViewCell.xib */,
			);
			path = Cell;
			sourceTree = "<group>";
		};
		C7B9E5AC2A239E4D00D2E94D /* Model */ = {
			isa = PBXGroup;
			children = (
				C7B9E5AD2A239E8700D2E94D /* ProfileModel.swift */,
			);
			path = Model;
			sourceTree = "<group>";
		};
		C7B9E5AF2A239F0300D2E94D /* Login */ = {
			isa = PBXGroup;
			children = (
				C79B65C92A249C3B00765EAB /* Model */,
				C7B9E5B42A23A02C00D2E94D /* Controller */,
			);
			path = Login;
			sourceTree = "<group>";
		};
		C7B9E5B42A23A02C00D2E94D /* Controller */ = {
			isa = PBXGroup;
			children = (
				C7B9E5B02A23A02700D2E94D /* LoginViewController.swift */,
				C7B9E5B12A23A02700D2E94D /* LoginViewController.xib */,
				C7B9E5B52A23B5BA00D2E94D /* SignInViewController.swift */,
				C7B9E5B62A23B5BA00D2E94D /* SignInViewController.xib */,
				C79B65C52A244AE900765EAB /* CreateAccountViewController.swift */,
				C79B65C62A244AE900765EAB /* CreateAccountViewController.xib */,
			);
			path = Controller;
			sourceTree = "<group>";
		};
		C7D155B92A26E165007073AA /* ViewModel */ = {
			isa = PBXGroup;
			children = (
				C7D155BA2A26E175007073AA /* ProfileViewModel.swift */,
			);
			path = ViewModel;
			sourceTree = "<group>";
		};
		F9A3390A7E9206B21D3C4329 /* Pods */ = {
			isa = PBXGroup;
			children = (
				FB2C736A02A86A56A1D6938F /* Pods-Instegrem.debug.xcconfig */,
				3583D3E181D85F366EF63E7B /* Pods-Instegrem.release.xcconfig */,
			);
			path = Pods;
			sourceTree = "<group>";
		};
/* End PBXGroup section */

/* Begin PBXNativeTarget section */
		C71A4F9A2A171B8F003F4B9D /* Instegrem */ = {
			isa = PBXNativeTarget;
			buildConfigurationList = C71A4FAF2A171B91003F4B9D /* Build configuration list for PBXNativeTarget "Instegrem" */;
			buildPhases = (
				9C6515A3DAA19D913BD6C342 /* [CP] Check Pods Manifest.lock */,
				C71A4F972A171B8F003F4B9D /* Sources */,
				C71A4F982A171B8F003F4B9D /* Frameworks */,
				C71A4F992A171B8F003F4B9D /* Resources */,
				BB1086D6C4D6AC5906BDED7F /* [CP] Embed Pods Frameworks */,
			);
			buildRules = (
			);
			dependencies = (
			);
			name = Instegrem;
			productName = Instegrem;
			productReference = C71A4F9B2A171B8F003F4B9D /* Instegrem.app */;
			productType = "com.apple.product-type.application";
		};
/* End PBXNativeTarget section */

/* Begin PBXProject section */
		C71A4F932A171B8F003F4B9D /* Project object */ = {
			isa = PBXProject;
			attributes = {
				BuildIndependentTargetsInParallel = 1;
				LastSwiftUpdateCheck = 1420;
				LastUpgradeCheck = 1420;
				TargetAttributes = {
					C71A4F9A2A171B8F003F4B9D = {
						CreatedOnToolsVersion = 14.2;
					};
				};
			};
			buildConfigurationList = C71A4F962A171B8F003F4B9D /* Build configuration list for PBXProject "Instegrem" */;
			compatibilityVersion = "Xcode 14.0";
			developmentRegion = en;
			hasScannedForEncodings = 0;
			knownRegions = (
				en,
				Base,
			);
			mainGroup = C71A4F922A171B8F003F4B9D;
			productRefGroup = C71A4F9C2A171B8F003F4B9D /* Products */;
			projectDirPath = "";
			projectRoot = "";
			targets = (
				C71A4F9A2A171B8F003F4B9D /* Instegrem */,
			);
		};
/* End PBXProject section */

/* Begin PBXResourcesBuildPhase section */
		C71A4F992A171B8F003F4B9D /* Resources */ = {
			isa = PBXResourcesBuildPhase;
			buildActionMask = 2147483647;
			files = (
				C7B5680E2A20BF9D00F47C14 /* ProfileChangeTableViewCell.xib in Resources */,
				C795B19F2A1DFFA50067F7D5 /* StorySavedCollectionViewCell.xib in Resources */,
				C71A4FAB2A171B91003F4B9D /* LaunchScreen.storyboard in Resources */,
				C7B9E5B82A23B5BA00D2E94D /* SignInViewController.xib in Resources */,
				C7A15B3E2A1CC281000CBCA0 /* ProfileBarCollectionViewCell.xib in Resources */,
				C71A4FA82A171B91003F4B9D /* Assets.xcassets in Resources */,
				C79B65C82A244AE900765EAB /* CreateAccountViewController.xib in Resources */,
				C78CDE652A176FEB004835F7 /* ProfileViewController.xib in Resources */,
				C7E2E3322A1FB94600DF0754 /* ProfileCreateTableViewCell.xib in Resources */,
				C7B9E5B32A23A02700D2E94D /* LoginViewController.xib in Resources */,
				C7B9E5AB2A23604B00D2E94D /* GoogleService-Info.plist in Resources */,
				C740F7AD2A32BD5600B58DB1 /* StatusTableViewCell.xib in Resources */,
				C78753A92A1BB62200CC5CFA /* ProfileBottomCollectionViewCell.xib in Resources */,
				C79215DD2A31EC1D009E9404 /* LikeTableViewCell.xib in Resources */,
				C7B5680A2A20BD8100F47C14 /* ProfileChangeTopTableViewCell.xib in Resources */,
			);
			runOnlyForDeploymentPostprocessing = 0;
		};
/* End PBXResourcesBuildPhase section */

/* Begin PBXShellScriptBuildPhase section */
		9C6515A3DAA19D913BD6C342 /* [CP] Check Pods Manifest.lock */ = {
			isa = PBXShellScriptBuildPhase;
			buildActionMask = 2147483647;
			files = (
			);
			inputFileListPaths = (
			);
			inputPaths = (
				"${PODS_PODFILE_DIR_PATH}/Podfile.lock",
				"${PODS_ROOT}/Manifest.lock",
			);
			name = "[CP] Check Pods Manifest.lock";
			outputFileListPaths = (
			);
			outputPaths = (
				"$(DERIVED_FILE_DIR)/Pods-Instegrem-checkManifestLockResult.txt",
			);
			runOnlyForDeploymentPostprocessing = 0;
			shellPath = /bin/sh;
			shellScript = "diff \"${PODS_PODFILE_DIR_PATH}/Podfile.lock\" \"${PODS_ROOT}/Manifest.lock\" > /dev/null\nif [ $? != 0 ] ; then\n    # print error to STDERR\n    echo \"error: The sandbox is not in sync with the Podfile.lock. Run 'pod install' or update your CocoaPods installation.\" >&2\n    exit 1\nfi\n# This output is used by Xcode 'outputs' to avoid re-running this script phase.\necho \"SUCCESS\" > \"${SCRIPT_OUTPUT_FILE_0}\"\n";
			showEnvVarsInLog = 0;
		};
		BB1086D6C4D6AC5906BDED7F /* [CP] Embed Pods Frameworks */ = {
			isa = PBXShellScriptBuildPhase;
			buildActionMask = 2147483647;
			files = (
			);
			inputFileListPaths = (
				"${PODS_ROOT}/Target Support Files/Pods-Instegrem/Pods-Instegrem-frameworks-${CONFIGURATION}-input-files.xcfilelist",
			);
			name = "[CP] Embed Pods Frameworks";
			outputFileListPaths = (
				"${PODS_ROOT}/Target Support Files/Pods-Instegrem/Pods-Instegrem-frameworks-${CONFIGURATION}-output-files.xcfilelist",
			);
			runOnlyForDeploymentPostprocessing = 0;
			shellPath = /bin/sh;
			shellScript = "\"${PODS_ROOT}/Target Support Files/Pods-Instegrem/Pods-Instegrem-frameworks.sh\"\n";
			showEnvVarsInLog = 0;
		};
/* End PBXShellScriptBuildPhase section */

/* Begin PBXSourcesBuildPhase section */
		C71A4F972A171B8F003F4B9D /* Sources */ = {
			isa = PBXSourcesBuildPhase;
			buildActionMask = 2147483647;
			files = (
				C7357D232A25F0BD00070A20 /* UserService.swift in Sources */,
				C78CDE6A2A178243004835F7 /* IGActivityIndicator.swift in Sources */,
				C7D155BB2A26E175007073AA /* ProfileViewModel.swift in Sources */,
				C7598F8C2A259F0E00C37AFB /* ProfileChangeDetailViewController.swift in Sources */,
				C7ABE1BE2A28EC51002A7E42 /* PostCollectionViewCell.swift in Sources */,
				C78753A32A1BAAC800CC5CFA /* ProfileBottomViewController.swift in Sources */,
				C71BBCDE2A2AE6DB00FB7FB9 /* HomeService.swift in Sources */,
				C7A15B3D2A1CC281000CBCA0 /* ProfileBarCollectionViewCell.swift in Sources */,
				C718703A2A323E7700EB98FD /* Comment.swift in Sources */,
				C79215D62A31E883009E9404 /* LikeViewController.swift in Sources */,
				C79B65CB2A249C4B00765EAB /* User.swift in Sources */,
				C78CDE672A177A1C004835F7 /* UIView-Extension.swift in Sources */,
				C78753A82A1BB62200CC5CFA /* ProfileBottomCollectionViewCell.swift in Sources */,
				C7AB44E52A32C50D00D66A5B /* HeaderCommentView.swift in Sources */,
				C7B568092A20BD8100F47C14 /* ProfileChangeTopTableViewCell.swift in Sources */,
				C740F7A82A32BA4800B58DB1 /* CommentViewController.swift in Sources */,
				C7B568032A20B7F300F47C14 /* ProfileChangeViewController.swift in Sources */,
				C7E2E3312A1FB94600DF0754 /* ProfileCreateTableViewCell.swift in Sources */,
				C71A4FB82A17218A003F4B9D /* TabBarViewController.swift in Sources */,
				C7B5680D2A20BF9D00F47C14 /* ProfileChangeTableViewCell.swift in Sources */,
				C7B9E5B22A23A02700D2E94D /* LoginViewController.swift in Sources */,
				C79215DC2A31EC1D009E9404 /* LikeTableViewCell.swift in Sources */,
				C7E2E32C2A1F9A6B00DF0754 /* CustomPresentViewController.swift in Sources */,
				C75478B52A37149600D4CDB3 /* FollowViewController.swift in Sources */,
				C71A4F9F2A171B8F003F4B9D /* AppDelegate.swift in Sources */,
				C754A8B72A36160700690E73 /* NSDate-Extension.swift in Sources */,
				C711127F2A2A3AE200CFFD6B /* PostStatusViewController.swift in Sources */,
				C78B03C72A30336400B9B57D /* UIViewController-Extension.swift in Sources */,
				C71BBCDC2A2ADE0000FB7FB9 /* Post.swift in Sources */,
				C7E2E3342A1FC43800DF0754 /* ProfileMoreViewController.swift in Sources */,
				C78CDE6C2A17BE88004835F7 /* CustomNavigationBar.swift in Sources */,
				C7924DEC2A32FBEB000756A0 /* CustomCommentView.swift in Sources */,
				C740F7AC2A32BD5600B58DB1 /* StatusTableViewCell.swift in Sources */,
				C764B7482A21AF0B0013ED40 /* ProfileAddAccountViewController.swift in Sources */,
				C711127C2A2A32F900CFFD6B /* PostViewController.swift in Sources */,
				C7B9E5AE2A239E8700D2E94D /* ProfileModel.swift in Sources */,
				C78CDE642A176FEB004835F7 /* ProfileViewController.swift in Sources */,
				C7E2E32E2A1FA81400DF0754 /* ProfileCreateViewController.swift in Sources */,
				C7357D1F2A25F09C00070A20 /* AuthService.swift in Sources */,
				C7A6CA752A273C33001F7D5E /* ProfileChangeAvatarViewController.swift in Sources */,
				C7D155BD2A26EC51007073AA /* UILabel-Extension.swift in Sources */,
				C79B65C72A244AE900765EAB /* CreateAccountViewController.swift in Sources */,
				C71A4FA12A171B8F003F4B9D /* SceneDelegate.swift in Sources */,
				C795B19E2A1DFFA50067F7D5 /* StorySavedCollectionViewCell.swift in Sources */,
				C7B9E5B72A23B5BA00D2E94D /* SignInViewController.swift in Sources */,
				C715C5202A2F4FFC002C8DBD /* DetailPostViewController.swift in Sources */,
				C71A4FBC2A172990003F4B9D /* HomeViewController.swift in Sources */,
			);
			runOnlyForDeploymentPostprocessing = 0;
		};
/* End PBXSourcesBuildPhase section */

/* Begin PBXVariantGroup section */
		C71A4FA92A171B91003F4B9D /* LaunchScreen.storyboard */ = {
			isa = PBXVariantGroup;
			children = (
				C71A4FAA2A171B91003F4B9D /* Base */,
			);
			name = LaunchScreen.storyboard;
			sourceTree = "<group>";
		};
/* End PBXVariantGroup section */

/* Begin XCBuildConfiguration section */
		C71A4FAD2A171B91003F4B9D /* Debug */ = {
			isa = XCBuildConfiguration;
			buildSettings = {
				ALWAYS_SEARCH_USER_PATHS = NO;
				CLANG_ANALYZER_NONNULL = YES;
				CLANG_ANALYZER_NUMBER_OBJECT_CONVERSION = YES_AGGRESSIVE;
				CLANG_CXX_LANGUAGE_STANDARD = "gnu++20";
				CLANG_ENABLE_MODULES = YES;
				CLANG_ENABLE_OBJC_ARC = YES;
				CLANG_ENABLE_OBJC_WEAK = YES;
				CLANG_WARN_BLOCK_CAPTURE_AUTORELEASING = YES;
				CLANG_WARN_BOOL_CONVERSION = YES;
				CLANG_WARN_COMMA = YES;
				CLANG_WARN_CONSTANT_CONVERSION = YES;
				CLANG_WARN_DEPRECATED_OBJC_IMPLEMENTATIONS = YES;
				CLANG_WARN_DIRECT_OBJC_ISA_USAGE = YES_ERROR;
				CLANG_WARN_DOCUMENTATION_COMMENTS = YES;
				CLANG_WARN_EMPTY_BODY = YES;
				CLANG_WARN_ENUM_CONVERSION = YES;
				CLANG_WARN_INFINITE_RECURSION = YES;
				CLANG_WARN_INT_CONVERSION = YES;
				CLANG_WARN_NON_LITERAL_NULL_CONVERSION = YES;
				CLANG_WARN_OBJC_IMPLICIT_RETAIN_SELF = YES;
				CLANG_WARN_OBJC_LITERAL_CONVERSION = YES;
				CLANG_WARN_OBJC_ROOT_CLASS = YES_ERROR;
				CLANG_WARN_QUOTED_INCLUDE_IN_FRAMEWORK_HEADER = YES;
				CLANG_WARN_RANGE_LOOP_ANALYSIS = YES;
				CLANG_WARN_STRICT_PROTOTYPES = YES;
				CLANG_WARN_SUSPICIOUS_MOVE = YES;
				CLANG_WARN_UNGUARDED_AVAILABILITY = YES_AGGRESSIVE;
				CLANG_WARN_UNREACHABLE_CODE = YES;
				CLANG_WARN__DUPLICATE_METHOD_MATCH = YES;
				COPY_PHASE_STRIP = NO;
				DEBUG_INFORMATION_FORMAT = dwarf;
				ENABLE_STRICT_OBJC_MSGSEND = YES;
				ENABLE_TESTABILITY = YES;
				GCC_C_LANGUAGE_STANDARD = gnu11;
				GCC_DYNAMIC_NO_PIC = NO;
				GCC_NO_COMMON_BLOCKS = YES;
				GCC_OPTIMIZATION_LEVEL = 0;
				GCC_PREPROCESSOR_DEFINITIONS = (
					"DEBUG=1",
					"$(inherited)",
				);
				GCC_WARN_64_TO_32_BIT_CONVERSION = YES;
				GCC_WARN_ABOUT_RETURN_TYPE = YES_ERROR;
				GCC_WARN_UNDECLARED_SELECTOR = YES;
				GCC_WARN_UNINITIALIZED_AUTOS = YES_AGGRESSIVE;
				GCC_WARN_UNUSED_FUNCTION = YES;
				GCC_WARN_UNUSED_VARIABLE = YES;
				IPHONEOS_DEPLOYMENT_TARGET = 16.2;
				MTL_ENABLE_DEBUG_INFO = INCLUDE_SOURCE;
				MTL_FAST_MATH = YES;
				ONLY_ACTIVE_ARCH = YES;
				SDKROOT = iphoneos;
				SWIFT_ACTIVE_COMPILATION_CONDITIONS = DEBUG;
				SWIFT_OPTIMIZATION_LEVEL = "-Onone";
			};
			name = Debug;
		};
		C71A4FAE2A171B91003F4B9D /* Release */ = {
			isa = XCBuildConfiguration;
			buildSettings = {
				ALWAYS_SEARCH_USER_PATHS = NO;
				CLANG_ANALYZER_NONNULL = YES;
				CLANG_ANALYZER_NUMBER_OBJECT_CONVERSION = YES_AGGRESSIVE;
				CLANG_CXX_LANGUAGE_STANDARD = "gnu++20";
				CLANG_ENABLE_MODULES = YES;
				CLANG_ENABLE_OBJC_ARC = YES;
				CLANG_ENABLE_OBJC_WEAK = YES;
				CLANG_WARN_BLOCK_CAPTURE_AUTORELEASING = YES;
				CLANG_WARN_BOOL_CONVERSION = YES;
				CLANG_WARN_COMMA = YES;
				CLANG_WARN_CONSTANT_CONVERSION = YES;
				CLANG_WARN_DEPRECATED_OBJC_IMPLEMENTATIONS = YES;
				CLANG_WARN_DIRECT_OBJC_ISA_USAGE = YES_ERROR;
				CLANG_WARN_DOCUMENTATION_COMMENTS = YES;
				CLANG_WARN_EMPTY_BODY = YES;
				CLANG_WARN_ENUM_CONVERSION = YES;
				CLANG_WARN_INFINITE_RECURSION = YES;
				CLANG_WARN_INT_CONVERSION = YES;
				CLANG_WARN_NON_LITERAL_NULL_CONVERSION = YES;
				CLANG_WARN_OBJC_IMPLICIT_RETAIN_SELF = YES;
				CLANG_WARN_OBJC_LITERAL_CONVERSION = YES;
				CLANG_WARN_OBJC_ROOT_CLASS = YES_ERROR;
				CLANG_WARN_QUOTED_INCLUDE_IN_FRAMEWORK_HEADER = YES;
				CLANG_WARN_RANGE_LOOP_ANALYSIS = YES;
				CLANG_WARN_STRICT_PROTOTYPES = YES;
				CLANG_WARN_SUSPICIOUS_MOVE = YES;
				CLANG_WARN_UNGUARDED_AVAILABILITY = YES_AGGRESSIVE;
				CLANG_WARN_UNREACHABLE_CODE = YES;
				CLANG_WARN__DUPLICATE_METHOD_MATCH = YES;
				COPY_PHASE_STRIP = NO;
				DEBUG_INFORMATION_FORMAT = "dwarf-with-dsym";
				ENABLE_NS_ASSERTIONS = NO;
				ENABLE_STRICT_OBJC_MSGSEND = YES;
				GCC_C_LANGUAGE_STANDARD = gnu11;
				GCC_NO_COMMON_BLOCKS = YES;
				GCC_WARN_64_TO_32_BIT_CONVERSION = YES;
				GCC_WARN_ABOUT_RETURN_TYPE = YES_ERROR;
				GCC_WARN_UNDECLARED_SELECTOR = YES;
				GCC_WARN_UNINITIALIZED_AUTOS = YES_AGGRESSIVE;
				GCC_WARN_UNUSED_FUNCTION = YES;
				GCC_WARN_UNUSED_VARIABLE = YES;
				IPHONEOS_DEPLOYMENT_TARGET = 16.2;
				MTL_ENABLE_DEBUG_INFO = NO;
				MTL_FAST_MATH = YES;
				SDKROOT = iphoneos;
				SWIFT_COMPILATION_MODE = wholemodule;
				SWIFT_OPTIMIZATION_LEVEL = "-O";
				VALIDATE_PRODUCT = YES;
			};
			name = Release;
		};
		C71A4FB02A171B91003F4B9D /* Debug */ = {
			isa = XCBuildConfiguration;
			baseConfigurationReference = FB2C736A02A86A56A1D6938F /* Pods-Instegrem.debug.xcconfig */;
			buildSettings = {
				ASSETCATALOG_COMPILER_APPICON_NAME = AppIcon;
				ASSETCATALOG_COMPILER_GLOBAL_ACCENT_COLOR_NAME = AccentColor;
				CODE_SIGN_STYLE = Automatic;
				CURRENT_PROJECT_VERSION = 1;
				DEVELOPMENT_TEAM = X49N5BHN65;
				GENERATE_INFOPLIST_FILE = YES;
				INFOPLIST_FILE = Instegrem/Info.plist;
				INFOPLIST_KEY_NSCameraUsageDescription = "To take a picture";
				INFOPLIST_KEY_NSPhotoLibraryUsageDescription = "To get your photo";
				INFOPLIST_KEY_UIApplicationSupportsIndirectInputEvents = YES;
				INFOPLIST_KEY_UILaunchStoryboardName = LaunchScreen;
				INFOPLIST_KEY_UIRequiresFullScreen = NO;
				INFOPLIST_KEY_UIStatusBarStyle = UIStatusBarStyleLightContent;
				INFOPLIST_KEY_UISupportedInterfaceOrientations = UIInterfaceOrientationPortrait;
				INFOPLIST_KEY_UISupportedInterfaceOrientations_iPad = "UIInterfaceOrientationLandscapeLeft UIInterfaceOrientationLandscapeRight UIInterfaceOrientationPortrait UIInterfaceOrientationPortraitUpsideDown";
				IPHONEOS_DEPLOYMENT_TARGET = 15.0;
				LD_RUNPATH_SEARCH_PATHS = (
					"$(inherited)",
					"@executable_path/Frameworks",
				);
				MARKETING_VERSION = 1.0;
				PRODUCT_BUNDLE_IDENTIFIER = baolong.instegrem;
				PRODUCT_NAME = "$(TARGET_NAME)";
				SWIFT_EMIT_LOC_STRINGS = YES;
				SWIFT_VERSION = 5.0;
				TARGETED_DEVICE_FAMILY = "1,2";
			};
			name = Debug;
		};
		C71A4FB12A171B91003F4B9D /* Release */ = {
			isa = XCBuildConfiguration;
			baseConfigurationReference = 3583D3E181D85F366EF63E7B /* Pods-Instegrem.release.xcconfig */;
			buildSettings = {
				ASSETCATALOG_COMPILER_APPICON_NAME = AppIcon;
				ASSETCATALOG_COMPILER_GLOBAL_ACCENT_COLOR_NAME = AccentColor;
				CODE_SIGN_STYLE = Automatic;
				CURRENT_PROJECT_VERSION = 1;
				DEVELOPMENT_TEAM = X49N5BHN65;
				GENERATE_INFOPLIST_FILE = YES;
				INFOPLIST_FILE = Instegrem/Info.plist;
				INFOPLIST_KEY_NSCameraUsageDescription = "To take a picture";
				INFOPLIST_KEY_NSPhotoLibraryUsageDescription = "To get your photo";
				INFOPLIST_KEY_UIApplicationSupportsIndirectInputEvents = YES;
				INFOPLIST_KEY_UILaunchStoryboardName = LaunchScreen;
				INFOPLIST_KEY_UIRequiresFullScreen = NO;
				INFOPLIST_KEY_UIStatusBarStyle = UIStatusBarStyleLightContent;
				INFOPLIST_KEY_UISupportedInterfaceOrientations = UIInterfaceOrientationPortrait;
				INFOPLIST_KEY_UISupportedInterfaceOrientations_iPad = "UIInterfaceOrientationLandscapeLeft UIInterfaceOrientationLandscapeRight UIInterfaceOrientationPortrait UIInterfaceOrientationPortraitUpsideDown";
				IPHONEOS_DEPLOYMENT_TARGET = 15.0;
				LD_RUNPATH_SEARCH_PATHS = (
					"$(inherited)",
					"@executable_path/Frameworks",
				);
				MARKETING_VERSION = 1.0;
				PRODUCT_BUNDLE_IDENTIFIER = baolong.instegrem;
				PRODUCT_NAME = "$(TARGET_NAME)";
				SWIFT_EMIT_LOC_STRINGS = YES;
				SWIFT_VERSION = 5.0;
				TARGETED_DEVICE_FAMILY = "1,2";
			};
			name = Release;
		};
/* End XCBuildConfiguration section */

/* Begin XCConfigurationList section */
		C71A4F962A171B8F003F4B9D /* Build configuration list for PBXProject "Instegrem" */ = {
			isa = XCConfigurationList;
			buildConfigurations = (
				C71A4FAD2A171B91003F4B9D /* Debug */,
				C71A4FAE2A171B91003F4B9D /* Release */,
			);
			defaultConfigurationIsVisible = 0;
			defaultConfigurationName = Release;
		};
		C71A4FAF2A171B91003F4B9D /* Build configuration list for PBXNativeTarget "Instegrem" */ = {
			isa = XCConfigurationList;
			buildConfigurations = (
				C71A4FB02A171B91003F4B9D /* Debug */,
				C71A4FB12A171B91003F4B9D /* Release */,
			);
			defaultConfigurationIsVisible = 0;
			defaultConfigurationName = Release;
		};
/* End XCConfigurationList section */
	};
	rootObject = C71A4F932A171B8F003F4B9D /* Project object */;
}
